// !$*UTF8*$!
{
	archiveVersion = 1;
	classes = {
	};
	objectVersion = 46;
	objects = {

/* Begin PBXBuildFile section */
		81BF9C38E8B32CC671FDDDAA /* Pods_SimpleProjectRX.framework in Frameworks */ = {isa = PBXBuildFile; fileRef = 79F3F7A24FAE677405EFE0BA /* Pods_SimpleProjectRX.framework */; };
		9C0BD0C41FFF3AED00335F3A /* DetailB_ViewController.swift in Sources */ = {isa = PBXBuildFile; fileRef = 9C0BD0C21FFF3AED00335F3A /* DetailB_ViewController.swift */; };
		9C0BD0C51FFF3AED00335F3A /* DetailB_ViewController.xib in Resources */ = {isa = PBXBuildFile; fileRef = 9C0BD0C31FFF3AED00335F3A /* DetailB_ViewController.xib */; };
		9C0BD0C91FFF5A9B00335F3A /* SecondViewController.swift in Sources */ = {isa = PBXBuildFile; fileRef = 9C0BD0C71FFF5A9B00335F3A /* SecondViewController.swift */; };
		9C0BD0CA1FFF5A9B00335F3A /* SecondViewController.xib in Resources */ = {isa = PBXBuildFile; fileRef = 9C0BD0C81FFF5A9B00335F3A /* SecondViewController.xib */; };
		9C0BD0CD1FFF662400335F3A /* OneViewController.swift in Sources */ = {isa = PBXBuildFile; fileRef = 9C0BD0CB1FFF662400335F3A /* OneViewController.swift */; };
		9C0BD0CE1FFF662400335F3A /* OneViewController.xib in Resources */ = {isa = PBXBuildFile; fileRef = 9C0BD0CC1FFF662400335F3A /* OneViewController.xib */; };
		9C37E6161FFF29F500D9A7E6 /* DetailA_ViewController.swift in Sources */ = {isa = PBXBuildFile; fileRef = 9C37E6141FFF29F500D9A7E6 /* DetailA_ViewController.swift */; };
		9C37E6171FFF29F500D9A7E6 /* DetailA_ViewController.xib in Resources */ = {isa = PBXBuildFile; fileRef = 9C37E6151FFF29F500D9A7E6 /* DetailA_ViewController.xib */; };
		9C4B0DEA1FFF8363007F0817 /* SearchViblo_ViewController.swift in Sources */ = {isa = PBXBuildFile; fileRef = 9C4B0DE81FFF8363007F0817 /* SearchViblo_ViewController.swift */; };
		9C4B0DEB1FFF8363007F0817 /* SearchViblo_ViewController.xib in Resources */ = {isa = PBXBuildFile; fileRef = 9C4B0DE91FFF8363007F0817 /* SearchViblo_ViewController.xib */; };
		9C4CEAA01FFE0939004F6E74 /* SwitchEnumsAndTableViewController.swift in Sources */ = {isa = PBXBuildFile; fileRef = 9C4CEA9E1FFE0939004F6E74 /* SwitchEnumsAndTableViewController.swift */; };
		9C4CEAA11FFE0939004F6E74 /* SwitchEnumsAndTableViewController.xib in Resources */ = {isa = PBXBuildFile; fileRef = 9C4CEA9F1FFE0939004F6E74 /* SwitchEnumsAndTableViewController.xib */; };
		9C55D87B1FFB2AC400F29453 /* TabbarController.swift in Sources */ = {isa = PBXBuildFile; fileRef = 9C55D87A1FFB2AC400F29453 /* TabbarController.swift */; };
		9C55D8841FFB2C9400F29453 /* CongtyViewController.swift in Sources */ = {isa = PBXBuildFile; fileRef = 9C55D8821FFB2C9400F29453 /* CongtyViewController.swift */; };
		9C55D8851FFB2C9400F29453 /* CongtyViewController.xib in Resources */ = {isa = PBXBuildFile; fileRef = 9C55D8831FFB2C9400F29453 /* CongtyViewController.xib */; };
		9C55D8931FFB43C200F29453 /* MediumViewController.swift in Sources */ = {isa = PBXBuildFile; fileRef = 9C55D8911FFB43C200F29453 /* MediumViewController.swift */; };
		9C55D8941FFB43C200F29453 /* MediumViewController.xib in Resources */ = {isa = PBXBuildFile; fileRef = 9C55D8921FFB43C200F29453 /* MediumViewController.xib */; };
		9C55D8971FFB43CF00F29453 /* SettingViewController.swift in Sources */ = {isa = PBXBuildFile; fileRef = 9C55D8951FFB43CF00F29453 /* SettingViewController.swift */; };
		9C55D8981FFB43CF00F29453 /* SettingViewController.xib in Resources */ = {isa = PBXBuildFile; fileRef = 9C55D8961FFB43CF00F29453 /* SettingViewController.xib */; };
		9C55D8A41FFB6DFD00F29453 /* CalculatorViewController.swift in Sources */ = {isa = PBXBuildFile; fileRef = 9C55D8A21FFB6DFD00F29453 /* CalculatorViewController.swift */; };
		9C55D8A51FFB6DFD00F29453 /* CalculatorViewController.xib in Resources */ = {isa = PBXBuildFile; fileRef = 9C55D8A31FFB6DFD00F29453 /* CalculatorViewController.xib */; };
		9C55D8A81FFB6E3800F29453 /* ValidateLoginViewController.swift in Sources */ = {isa = PBXBuildFile; fileRef = 9C55D8A61FFB6E3800F29453 /* ValidateLoginViewController.swift */; };
		9C55D8A91FFB6E3800F29453 /* ValidateLoginViewController.xib in Resources */ = {isa = PBXBuildFile; fileRef = 9C55D8A71FFB6E3800F29453 /* ValidateLoginViewController.xib */; };
		9C55D8AC1FFB6EEB00F29453 /* SearchViewController.swift in Sources */ = {isa = PBXBuildFile; fileRef = 9C55D8AA1FFB6EEB00F29453 /* SearchViewController.swift */; };
		9C55D8AD1FFB6EEB00F29453 /* SearchViewController.xib in Resources */ = {isa = PBXBuildFile; fileRef = 9C55D8AB1FFB6EEB00F29453 /* SearchViewController.xib */; };
		9C55D8B01FFB6F1E00F29453 /* GalleryImageViewController.swift in Sources */ = {isa = PBXBuildFile; fileRef = 9C55D8AE1FFB6F1E00F29453 /* GalleryImageViewController.swift */; };
		9C55D8B11FFB6F1E00F29453 /* GalleryImageViewController.xib in Resources */ = {isa = PBXBuildFile; fileRef = 9C55D8AF1FFB6F1E00F29453 /* GalleryImageViewController.xib */; };
		9C55D8B41FFB6F4F00F29453 /* MultipleCellViewController.swift in Sources */ = {isa = PBXBuildFile; fileRef = 9C55D8B21FFB6F4F00F29453 /* MultipleCellViewController.swift */; };
		9C55D8B51FFB6F4F00F29453 /* MultipleCellViewController.xib in Resources */ = {isa = PBXBuildFile; fileRef = 9C55D8B31FFB6F4F00F29453 /* MultipleCellViewController.xib */; };
		9C55D8B81FFB6F9200F29453 /* CustomObservableViewController.swift in Sources */ = {isa = PBXBuildFile; fileRef = 9C55D8B61FFB6F9200F29453 /* CustomObservableViewController.swift */; };
		9C55D8B91FFB6F9200F29453 /* CustomObservableViewController.xib in Resources */ = {isa = PBXBuildFile; fileRef = 9C55D8B71FFB6F9200F29453 /* CustomObservableViewController.xib */; };
		9C55D8BC1FFB6FCD00F29453 /* FetchingDataViewController.swift in Sources */ = {isa = PBXBuildFile; fileRef = 9C55D8BA1FFB6FCD00F29453 /* FetchingDataViewController.swift */; };
		9C55D8BD1FFB6FCD00F29453 /* FetchingDataViewController.xib in Resources */ = {isa = PBXBuildFile; fileRef = 9C55D8BB1FFB6FCD00F29453 /* FetchingDataViewController.xib */; };
		9C55D8C01FFB6FF900F29453 /* MVVMViewController.swift in Sources */ = {isa = PBXBuildFile; fileRef = 9C55D8BE1FFB6FF900F29453 /* MVVMViewController.swift */; };
		9C55D8C11FFB6FF900F29453 /* MVVMViewController.xib in Resources */ = {isa = PBXBuildFile; fileRef = 9C55D8BF1FFB6FF900F29453 /* MVVMViewController.xib */; };
		9C5B4D8420035FAC00C0514C /* GitHupViewController.swift in Sources */ = {isa = PBXBuildFile; fileRef = 9C5B4D8220035FAC00C0514C /* GitHupViewController.swift */; };
		9C5B4D8520035FAC00C0514C /* GitHupViewController.xib in Resources */ = {isa = PBXBuildFile; fileRef = 9C5B4D8320035FAC00C0514C /* GitHupViewController.xib */; };
		9CCE900C1FFE121900B30561 /* VibloViewController.swift in Sources */ = {isa = PBXBuildFile; fileRef = 9CCE900A1FFE121900B30561 /* VibloViewController.swift */; };
		9CCE900D1FFE121900B30561 /* VibloViewController.xib in Resources */ = {isa = PBXBuildFile; fileRef = 9CCE900B1FFE121900B30561 /* VibloViewController.xib */; };
		9CD681471FFB1E080077729C /* AppDelegate.swift in Sources */ = {isa = PBXBuildFile; fileRef = 9CD681461FFB1E080077729C /* AppDelegate.swift */; };
		9CD6814F1FFB1E080077729C /* SimpleProjectRX.xcdatamodeld in Sources */ = {isa = PBXBuildFile; fileRef = 9CD6814D1FFB1E080077729C /* SimpleProjectRX.xcdatamodeld */; };
		9CD681511FFB1E080077729C /* Assets.xcassets in Resources */ = {isa = PBXBuildFile; fileRef = 9CD681501FFB1E080077729C /* Assets.xcassets */; };
		9CD681541FFB1E080077729C /* LaunchScreen.storyboard in Resources */ = {isa = PBXBuildFile; fileRef = 9CD681521FFB1E080077729C /* LaunchScreen.storyboard */; };
		9CDE9ADD20031D1E001E3FCE /* CircleViewViewController.swift in Sources */ = {isa = PBXBuildFile; fileRef = 9CDE9ADB20031D1E001E3FCE /* CircleViewViewController.swift */; };
		9CDE9ADE20031D1E001E3FCE /* CircleViewViewController.xib in Resources */ = {isa = PBXBuildFile; fileRef = 9CDE9ADC20031D1E001E3FCE /* CircleViewViewController.xib */; };
		9CDE9AE0200322FE001E3FCE /* CircleViewModel.swift in Sources */ = {isa = PBXBuildFile; fileRef = 9CDE9ADF200322FE001E3FCE /* CircleViewModel.swift */; };
		9CFE39521FFC7B1C0033B6C3 /* LoginViewModel.swift in Sources */ = {isa = PBXBuildFile; fileRef = 9CFE39511FFC7B1C0033B6C3 /* LoginViewModel.swift */; };
/* End PBXBuildFile section */

/* Begin PBXFileReference section */
		79F3F7A24FAE677405EFE0BA /* Pods_SimpleProjectRX.framework */ = {isa = PBXFileReference; explicitFileType = wrapper.framework; includeInIndex = 0; path = Pods_SimpleProjectRX.framework; sourceTree = BUILT_PRODUCTS_DIR; };
		9C0BD0C21FFF3AED00335F3A /* DetailB_ViewController.swift */ = {isa = PBXFileReference; lastKnownFileType = sourcecode.swift; path = DetailB_ViewController.swift; sourceTree = "<group>"; };
		9C0BD0C31FFF3AED00335F3A /* DetailB_ViewController.xib */ = {isa = PBXFileReference; lastKnownFileType = file.xib; path = DetailB_ViewController.xib; sourceTree = "<group>"; };
		9C0BD0C71FFF5A9B00335F3A /* SecondViewController.swift */ = {isa = PBXFileReference; lastKnownFileType = sourcecode.swift; path = SecondViewController.swift; sourceTree = "<group>"; };
		9C0BD0C81FFF5A9B00335F3A /* SecondViewController.xib */ = {isa = PBXFileReference; lastKnownFileType = file.xib; path = SecondViewController.xib; sourceTree = "<group>"; };
		9C0BD0CB1FFF662400335F3A /* OneViewController.swift */ = {isa = PBXFileReference; lastKnownFileType = sourcecode.swift; path = OneViewController.swift; sourceTree = "<group>"; };
		9C0BD0CC1FFF662400335F3A /* OneViewController.xib */ = {isa = PBXFileReference; lastKnownFileType = file.xib; path = OneViewController.xib; sourceTree = "<group>"; };
		9C37E6141FFF29F500D9A7E6 /* DetailA_ViewController.swift */ = {isa = PBXFileReference; lastKnownFileType = sourcecode.swift; path = DetailA_ViewController.swift; sourceTree = "<group>"; };
		9C37E6151FFF29F500D9A7E6 /* DetailA_ViewController.xib */ = {isa = PBXFileReference; lastKnownFileType = file.xib; path = DetailA_ViewController.xib; sourceTree = "<group>"; };
		9C4B0DE81FFF8363007F0817 /* SearchViblo_ViewController.swift */ = {isa = PBXFileReference; lastKnownFileType = sourcecode.swift; path = SearchViblo_ViewController.swift; sourceTree = "<group>"; };
		9C4B0DE91FFF8363007F0817 /* SearchViblo_ViewController.xib */ = {isa = PBXFileReference; lastKnownFileType = file.xib; path = SearchViblo_ViewController.xib; sourceTree = "<group>"; };
		9C4CEA9E1FFE0939004F6E74 /* SwitchEnumsAndTableViewController.swift */ = {isa = PBXFileReference; lastKnownFileType = sourcecode.swift; path = SwitchEnumsAndTableViewController.swift; sourceTree = "<group>"; };
		9C4CEA9F1FFE0939004F6E74 /* SwitchEnumsAndTableViewController.xib */ = {isa = PBXFileReference; lastKnownFileType = file.xib; path = SwitchEnumsAndTableViewController.xib; sourceTree = "<group>"; };
		9C55D87A1FFB2AC400F29453 /* TabbarController.swift */ = {isa = PBXFileReference; fileEncoding = 4; lastKnownFileType = sourcecode.swift; path = TabbarController.swift; sourceTree = "<group>"; };
		9C55D8821FFB2C9400F29453 /* CongtyViewController.swift */ = {isa = PBXFileReference; fileEncoding = 4; lastKnownFileType = sourcecode.swift; path = CongtyViewController.swift; sourceTree = "<group>"; };
		9C55D8831FFB2C9400F29453 /* CongtyViewController.xib */ = {isa = PBXFileReference; fileEncoding = 4; lastKnownFileType = file.xib; path = CongtyViewController.xib; sourceTree = "<group>"; };
		9C55D8911FFB43C200F29453 /* MediumViewController.swift */ = {isa = PBXFileReference; fileEncoding = 4; lastKnownFileType = sourcecode.swift; path = MediumViewController.swift; sourceTree = "<group>"; };
		9C55D8921FFB43C200F29453 /* MediumViewController.xib */ = {isa = PBXFileReference; fileEncoding = 4; lastKnownFileType = file.xib; path = MediumViewController.xib; sourceTree = "<group>"; };
		9C55D8951FFB43CF00F29453 /* SettingViewController.swift */ = {isa = PBXFileReference; fileEncoding = 4; lastKnownFileType = sourcecode.swift; path = SettingViewController.swift; sourceTree = "<group>"; };
		9C55D8961FFB43CF00F29453 /* SettingViewController.xib */ = {isa = PBXFileReference; fileEncoding = 4; lastKnownFileType = file.xib; path = SettingViewController.xib; sourceTree = "<group>"; };
		9C55D8A21FFB6DFD00F29453 /* CalculatorViewController.swift */ = {isa = PBXFileReference; fileEncoding = 4; lastKnownFileType = sourcecode.swift; path = CalculatorViewController.swift; sourceTree = "<group>"; };
		9C55D8A31FFB6DFD00F29453 /* CalculatorViewController.xib */ = {isa = PBXFileReference; fileEncoding = 4; lastKnownFileType = file.xib; path = CalculatorViewController.xib; sourceTree = "<group>"; };
		9C55D8A61FFB6E3800F29453 /* ValidateLoginViewController.swift */ = {isa = PBXFileReference; fileEncoding = 4; lastKnownFileType = sourcecode.swift; path = ValidateLoginViewController.swift; sourceTree = "<group>"; };
		9C55D8A71FFB6E3800F29453 /* ValidateLoginViewController.xib */ = {isa = PBXFileReference; fileEncoding = 4; lastKnownFileType = file.xib; path = ValidateLoginViewController.xib; sourceTree = "<group>"; };
		9C55D8AA1FFB6EEB00F29453 /* SearchViewController.swift */ = {isa = PBXFileReference; fileEncoding = 4; lastKnownFileType = sourcecode.swift; path = SearchViewController.swift; sourceTree = "<group>"; };
		9C55D8AB1FFB6EEB00F29453 /* SearchViewController.xib */ = {isa = PBXFileReference; fileEncoding = 4; lastKnownFileType = file.xib; path = SearchViewController.xib; sourceTree = "<group>"; };
		9C55D8AE1FFB6F1E00F29453 /* GalleryImageViewController.swift */ = {isa = PBXFileReference; fileEncoding = 4; lastKnownFileType = sourcecode.swift; path = GalleryImageViewController.swift; sourceTree = "<group>"; };
		9C55D8AF1FFB6F1E00F29453 /* GalleryImageViewController.xib */ = {isa = PBXFileReference; fileEncoding = 4; lastKnownFileType = file.xib; path = GalleryImageViewController.xib; sourceTree = "<group>"; };
		9C55D8B21FFB6F4F00F29453 /* MultipleCellViewController.swift */ = {isa = PBXFileReference; fileEncoding = 4; lastKnownFileType = sourcecode.swift; path = MultipleCellViewController.swift; sourceTree = "<group>"; };
		9C55D8B31FFB6F4F00F29453 /* MultipleCellViewController.xib */ = {isa = PBXFileReference; fileEncoding = 4; lastKnownFileType = file.xib; path = MultipleCellViewController.xib; sourceTree = "<group>"; };
		9C55D8B61FFB6F9200F29453 /* CustomObservableViewController.swift */ = {isa = PBXFileReference; fileEncoding = 4; lastKnownFileType = sourcecode.swift; path = CustomObservableViewController.swift; sourceTree = "<group>"; };
		9C55D8B71FFB6F9200F29453 /* CustomObservableViewController.xib */ = {isa = PBXFileReference; fileEncoding = 4; lastKnownFileType = file.xib; path = CustomObservableViewController.xib; sourceTree = "<group>"; };
		9C55D8BA1FFB6FCD00F29453 /* FetchingDataViewController.swift */ = {isa = PBXFileReference; fileEncoding = 4; lastKnownFileType = sourcecode.swift; path = FetchingDataViewController.swift; sourceTree = "<group>"; };
		9C55D8BB1FFB6FCD00F29453 /* FetchingDataViewController.xib */ = {isa = PBXFileReference; fileEncoding = 4; lastKnownFileType = file.xib; path = FetchingDataViewController.xib; sourceTree = "<group>"; };
		9C55D8BE1FFB6FF900F29453 /* MVVMViewController.swift */ = {isa = PBXFileReference; fileEncoding = 4; lastKnownFileType = sourcecode.swift; path = MVVMViewController.swift; sourceTree = "<group>"; };
		9C55D8BF1FFB6FF900F29453 /* MVVMViewController.xib */ = {isa = PBXFileReference; fileEncoding = 4; lastKnownFileType = file.xib; path = MVVMViewController.xib; sourceTree = "<group>"; };
		9C5B4D8220035FAC00C0514C /* GitHupViewController.swift */ = {isa = PBXFileReference; lastKnownFileType = sourcecode.swift; path = GitHupViewController.swift; sourceTree = "<group>"; };
		9C5B4D8320035FAC00C0514C /* GitHupViewController.xib */ = {isa = PBXFileReference; lastKnownFileType = file.xib; path = GitHupViewController.xib; sourceTree = "<group>"; };
		9CCE900A1FFE121900B30561 /* VibloViewController.swift */ = {isa = PBXFileReference; lastKnownFileType = sourcecode.swift; path = VibloViewController.swift; sourceTree = "<group>"; };
		9CCE900B1FFE121900B30561 /* VibloViewController.xib */ = {isa = PBXFileReference; lastKnownFileType = file.xib; path = VibloViewController.xib; sourceTree = "<group>"; };
		9CD681431FFB1E080077729C /* SimpleProjectRX.app */ = {isa = PBXFileReference; explicitFileType = wrapper.application; includeInIndex = 0; path = SimpleProjectRX.app; sourceTree = BUILT_PRODUCTS_DIR; };
		9CD681461FFB1E080077729C /* AppDelegate.swift */ = {isa = PBXFileReference; lastKnownFileType = sourcecode.swift; path = AppDelegate.swift; sourceTree = "<group>"; };
		9CD6814E1FFB1E080077729C /* SimpleProjectRX.xcdatamodel */ = {isa = PBXFileReference; lastKnownFileType = wrapper.xcdatamodel; path = SimpleProjectRX.xcdatamodel; sourceTree = "<group>"; };
		9CD681501FFB1E080077729C /* Assets.xcassets */ = {isa = PBXFileReference; lastKnownFileType = folder.assetcatalog; path = Assets.xcassets; sourceTree = "<group>"; };
		9CD681531FFB1E080077729C /* Base */ = {isa = PBXFileReference; lastKnownFileType = file.storyboard; name = Base; path = Base.lproj/LaunchScreen.storyboard; sourceTree = "<group>"; };
		9CD681551FFB1E080077729C /* Info.plist */ = {isa = PBXFileReference; lastKnownFileType = text.plist.xml; path = Info.plist; sourceTree = "<group>"; };
		9CDE9ADB20031D1E001E3FCE /* CircleViewViewController.swift */ = {isa = PBXFileReference; lastKnownFileType = sourcecode.swift; path = CircleViewViewController.swift; sourceTree = "<group>"; };
		9CDE9ADC20031D1E001E3FCE /* CircleViewViewController.xib */ = {isa = PBXFileReference; lastKnownFileType = file.xib; path = CircleViewViewController.xib; sourceTree = "<group>"; };
		9CDE9ADF200322FE001E3FCE /* CircleViewModel.swift */ = {isa = PBXFileReference; lastKnownFileType = sourcecode.swift; path = CircleViewModel.swift; sourceTree = "<group>"; };
		9CFE39511FFC7B1C0033B6C3 /* LoginViewModel.swift */ = {isa = PBXFileReference; lastKnownFileType = sourcecode.swift; path = LoginViewModel.swift; sourceTree = "<group>"; };
		B25B0835144814C419636DDF /* Pods-SimpleProjectRX.release.xcconfig */ = {isa = PBXFileReference; includeInIndex = 1; lastKnownFileType = text.xcconfig; name = "Pods-SimpleProjectRX.release.xcconfig"; path = "Pods/Target Support Files/Pods-SimpleProjectRX/Pods-SimpleProjectRX.release.xcconfig"; sourceTree = "<group>"; };
		F1F183623372135E3E0C317A /* Pods-SimpleProjectRX.debug.xcconfig */ = {isa = PBXFileReference; includeInIndex = 1; lastKnownFileType = text.xcconfig; name = "Pods-SimpleProjectRX.debug.xcconfig"; path = "Pods/Target Support Files/Pods-SimpleProjectRX/Pods-SimpleProjectRX.debug.xcconfig"; sourceTree = "<group>"; };
/* End PBXFileReference section */

/* Begin PBXFrameworksBuildPhase section */
		9CD681401FFB1E080077729C /* Frameworks */ = {
			isa = PBXFrameworksBuildPhase;
			buildActionMask = 2147483647;
			files = (
				81BF9C38E8B32CC671FDDDAA /* Pods_SimpleProjectRX.framework in Frameworks */,
			);
			runOnlyForDeploymentPostprocessing = 0;
		};
/* End PBXFrameworksBuildPhase section */

/* Begin PBXGroup section */
		9C0BD0C61FFF5A7B00335F3A /* PassDataBackUsingProtocol */ = {
			isa = PBXGroup;
			children = (
				9C0BD0C71FFF5A9B00335F3A /* SecondViewController.swift */,
				9C0BD0C81FFF5A9B00335F3A /* SecondViewController.xib */,
				9C0BD0CB1FFF662400335F3A /* OneViewController.swift */,
				9C0BD0CC1FFF662400335F3A /* OneViewController.xib */,
			);
			name = PassDataBackUsingProtocol;
			sourceTree = "<group>";
		};
		9C37E6131FFF29E400D9A7E6 /* Detail */ = {
			isa = PBXGroup;
			children = (
				9C37E6141FFF29F500D9A7E6 /* DetailA_ViewController.swift */,
				9C37E6151FFF29F500D9A7E6 /* DetailA_ViewController.xib */,
				9C0BD0C21FFF3AED00335F3A /* DetailB_ViewController.swift */,
				9C0BD0C31FFF3AED00335F3A /* DetailB_ViewController.xib */,
			);
			name = Detail;
			sourceTree = "<group>";
		};
		9C4B0DE71FFF825D007F0817 /* Search */ = {
			isa = PBXGroup;
			children = (
				9C4B0DE81FFF8363007F0817 /* SearchViblo_ViewController.swift */,
				9C4B0DE91FFF8363007F0817 /* SearchViblo_ViewController.xib */,
			);
			name = Search;
			sourceTree = "<group>";
		};
		9C4CEA991FFE08AC004F6E74 /* SwitchEnumsAndTableView */ = {
			isa = PBXGroup;
			children = (
				9C37E6131FFF29E400D9A7E6 /* Detail */,
				9C4CEA9E1FFE0939004F6E74 /* SwitchEnumsAndTableViewController.swift */,
				9C4CEA9F1FFE0939004F6E74 /* SwitchEnumsAndTableViewController.xib */,
			);
			name = SwitchEnumsAndTableView;
			sourceTree = "<group>";
		};
		9C55D8791FFB2A5200F29453 /* Tabbar */ = {
			isa = PBXGroup;
			children = (
				9C55D87A1FFB2AC400F29453 /* TabbarController.swift */,
			);
			name = Tabbar;
			sourceTree = "<group>";
		};
		9C55D87D1FFB2C0B00F29453 /* View */ = {
			isa = PBXGroup;
			children = (
				9C55D88A1FFB435900F29453 /* Setting */,
				9C55D8891FFB434C00F29453 /* Medium */,
				9C55D8881FFB433E00F29453 /* Viblo */,
				9C55D8871FFB431D00F29453 /* Congty */,
			);
			name = View;
			sourceTree = "<group>";
		};
		9C55D8861FFB379C00F29453 /* Resoure */ = {
			isa = PBXGroup;
			children = (
				9CD681461FFB1E080077729C /* AppDelegate.swift */,
				9CD681501FFB1E080077729C /* Assets.xcassets */,
				9CD681521FFB1E080077729C /* LaunchScreen.storyboard */,
				9CD681551FFB1E080077729C /* Info.plist */,
				9CD6814D1FFB1E080077729C /* SimpleProjectRX.xcdatamodeld */,
			);
			name = Resoure;
			sourceTree = "<group>";
		};
		9C55D8871FFB431D00F29453 /* Congty */ = {
			isa = PBXGroup;
			children = (
				9C55D8A11FFB6DC100F29453 /* MVVM */,
				9C55D8A01FFB6DAC00F29453 /* Fetching Data from the web */,
				9C55D89F1FFB6D9A00F29453 /* Custom Observable */,
				9C55D89E1FFB6D7B00F29453 /* Multiple Cell Custom types */,
				9C55D89D1FFB6D4600F29453 /* Gallery Image */,
				9C55D89C1FFB6D3400F29453 /* Search */,
				9C55D89A1FFB6D1A00F29453 /* Validate Login */,
				9C55D8991FFB6CBC00F29453 /* Calculator */,
				9C55D8821FFB2C9400F29453 /* CongtyViewController.swift */,
				9C55D8831FFB2C9400F29453 /* CongtyViewController.xib */,
			);
			name = Congty;
			sourceTree = "<group>";
		};
		9C55D8881FFB433E00F29453 /* Viblo */ = {
			isa = PBXGroup;
			children = (
				9C5B4D8120035F5900C0514C /* MVVM */,
				9CDE9ADA20031D00001E3FCE /* Circle View */,
				9C4B0DE71FFF825D007F0817 /* Search */,
				9C0BD0C61FFF5A7B00335F3A /* PassDataBackUsingProtocol */,
				9CCE900A1FFE121900B30561 /* VibloViewController.swift */,
				9CCE900B1FFE121900B30561 /* VibloViewController.xib */,
			);
			name = Viblo;
			sourceTree = "<group>";
		};
		9C55D8891FFB434C00F29453 /* Medium */ = {
			isa = PBXGroup;
			children = (
				9C4CEA991FFE08AC004F6E74 /* SwitchEnumsAndTableView */,
				9C55D8911FFB43C200F29453 /* MediumViewController.swift */,
				9C55D8921FFB43C200F29453 /* MediumViewController.xib */,
			);
			name = Medium;
			sourceTree = "<group>";
		};
		9C55D88A1FFB435900F29453 /* Setting */ = {
			isa = PBXGroup;
			children = (
				9C55D8951FFB43CF00F29453 /* SettingViewController.swift */,
				9C55D8961FFB43CF00F29453 /* SettingViewController.xib */,
			);
			name = Setting;
			sourceTree = "<group>";
		};
		9C55D8991FFB6CBC00F29453 /* Calculator */ = {
			isa = PBXGroup;
			children = (
				9C55D8A21FFB6DFD00F29453 /* CalculatorViewController.swift */,
				9C55D8A31FFB6DFD00F29453 /* CalculatorViewController.xib */,
			);
			name = Calculator;
			sourceTree = "<group>";
		};
		9C55D89A1FFB6D1A00F29453 /* Validate Login */ = {
			isa = PBXGroup;
			children = (
				9C55D8A61FFB6E3800F29453 /* ValidateLoginViewController.swift */,
				9C55D8A71FFB6E3800F29453 /* ValidateLoginViewController.xib */,
				9CFE39511FFC7B1C0033B6C3 /* LoginViewModel.swift */,
			);
			name = "Validate Login";
			sourceTree = "<group>";
		};
		9C55D89C1FFB6D3400F29453 /* Search */ = {
			isa = PBXGroup;
			children = (
				9C55D8AA1FFB6EEB00F29453 /* SearchViewController.swift */,
				9C55D8AB1FFB6EEB00F29453 /* SearchViewController.xib */,
			);
			name = Search;
			sourceTree = "<group>";
		};
		9C55D89D1FFB6D4600F29453 /* Gallery Image */ = {
			isa = PBXGroup;
			children = (
				9C55D8AE1FFB6F1E00F29453 /* GalleryImageViewController.swift */,
				9C55D8AF1FFB6F1E00F29453 /* GalleryImageViewController.xib */,
			);
			name = "Gallery Image";
			sourceTree = "<group>";
		};
		9C55D89E1FFB6D7B00F29453 /* Multiple Cell Custom types */ = {
			isa = PBXGroup;
			children = (
				9C55D8B21FFB6F4F00F29453 /* MultipleCellViewController.swift */,
				9C55D8B31FFB6F4F00F29453 /* MultipleCellViewController.xib */,
			);
			name = "Multiple Cell Custom types";
			sourceTree = "<group>";
		};
		9C55D89F1FFB6D9A00F29453 /* Custom Observable */ = {
			isa = PBXGroup;
			children = (
				9C55D8B61FFB6F9200F29453 /* CustomObservableViewController.swift */,
				9C55D8B71FFB6F9200F29453 /* CustomObservableViewController.xib */,
			);
			name = "Custom Observable";
			sourceTree = "<group>";
		};
		9C55D8A01FFB6DAC00F29453 /* Fetching Data from the web */ = {
			isa = PBXGroup;
			children = (
				9C55D8BA1FFB6FCD00F29453 /* FetchingDataViewController.swift */,
				9C55D8BB1FFB6FCD00F29453 /* FetchingDataViewController.xib */,
			);
			name = "Fetching Data from the web";
			sourceTree = "<group>";
		};
		9C55D8A11FFB6DC100F29453 /* MVVM */ = {
			isa = PBXGroup;
			children = (
				9C55D8BE1FFB6FF900F29453 /* MVVMViewController.swift */,
				9C55D8BF1FFB6FF900F29453 /* MVVMViewController.xib */,
			);
			name = MVVM;
			sourceTree = "<group>";
		};
		9C5B4D8120035F5900C0514C /* MVVM */ = {
			isa = PBXGroup;
			children = (
				9C5B4D8220035FAC00C0514C /* GitHupViewController.swift */,
				9C5B4D8320035FAC00C0514C /* GitHupViewController.xib */,
			);
			name = MVVM;
			sourceTree = "<group>";
		};
		9CD6813A1FFB1E080077729C = {
			isa = PBXGroup;
			children = (
				9CD681451FFB1E080077729C /* SimpleProjectRX */,
				9CD681441FFB1E080077729C /* Products */,
				FDE5D97CF3DC9B6F7904A027 /* Pods */,
				B3BB9E409BD5E636252B7D88 /* Frameworks */,
			);
			sourceTree = "<group>";
		};
		9CD681441FFB1E080077729C /* Products */ = {
			isa = PBXGroup;
			children = (
				9CD681431FFB1E080077729C /* SimpleProjectRX.app */,
			);
			name = Products;
			sourceTree = "<group>";
		};
		9CD681451FFB1E080077729C /* SimpleProjectRX */ = {
			isa = PBXGroup;
			children = (
				9C55D8861FFB379C00F29453 /* Resoure */,
				9C55D87D1FFB2C0B00F29453 /* View */,
				9C55D8791FFB2A5200F29453 /* Tabbar */,
			);
			path = SimpleProjectRX;
			sourceTree = "<group>";
		};
		9CDE9ADA20031D00001E3FCE /* Circle View */ = {
			isa = PBXGroup;
			children = (
				9CDE9ADB20031D1E001E3FCE /* CircleViewViewController.swift */,
				9CDE9ADC20031D1E001E3FCE /* CircleViewViewController.xib */,
				9CDE9ADF200322FE001E3FCE /* CircleViewModel.swift */,
			);
			name = "Circle View";
			sourceTree = "<group>";
		};
		B3BB9E409BD5E636252B7D88 /* Frameworks */ = {
			isa = PBXGroup;
			children = (
				79F3F7A24FAE677405EFE0BA /* Pods_SimpleProjectRX.framework */,
			);
			name = Frameworks;
			sourceTree = "<group>";
		};
		FDE5D97CF3DC9B6F7904A027 /* Pods */ = {
			isa = PBXGroup;
			children = (
				F1F183623372135E3E0C317A /* Pods-SimpleProjectRX.debug.xcconfig */,
				B25B0835144814C419636DDF /* Pods-SimpleProjectRX.release.xcconfig */,
			);
			name = Pods;
			sourceTree = "<group>";
		};
/* End PBXGroup section */

/* Begin PBXNativeTarget section */
		9CD681421FFB1E080077729C /* SimpleProjectRX */ = {
			isa = PBXNativeTarget;
			buildConfigurationList = 9CD681581FFB1E080077729C /* Build configuration list for PBXNativeTarget "SimpleProjectRX" */;
			buildPhases = (
				AA61829ABD47DBCF639853FC /* [CP] Check Pods Manifest.lock */,
				9CD6813F1FFB1E080077729C /* Sources */,
				9CD681401FFB1E080077729C /* Frameworks */,
				9CD681411FFB1E080077729C /* Resources */,
				270B44D82C480EBA5D1F39A7 /* [CP] Embed Pods Frameworks */,
				2908D7B5028678C32E7B6B72 /* [CP] Copy Pods Resources */,
			);
			buildRules = (
			);
			dependencies = (
			);
			name = SimpleProjectRX;
			productName = SimpleProjectRX;
			productReference = 9CD681431FFB1E080077729C /* SimpleProjectRX.app */;
			productType = "com.apple.product-type.application";
		};
/* End PBXNativeTarget section */

/* Begin PBXProject section */
		9CD6813B1FFB1E080077729C /* Project object */ = {
			isa = PBXProject;
			attributes = {
				LastSwiftUpdateCheck = 0830;
				LastUpgradeCheck = 0830;
				ORGANIZATIONNAME = "Hai Vo L.";
				TargetAttributes = {
					9CD681421FFB1E080077729C = {
						CreatedOnToolsVersion = 8.3;
						DevelopmentTeam = 68855R4HVL;
						ProvisioningStyle = Automatic;
					};
				};
			};
			buildConfigurationList = 9CD6813E1FFB1E080077729C /* Build configuration list for PBXProject "SimpleProjectRX" */;
			compatibilityVersion = "Xcode 3.2";
			developmentRegion = English;
			hasScannedForEncodings = 0;
			knownRegions = (
				en,
				Base,
			);
			mainGroup = 9CD6813A1FFB1E080077729C;
			productRefGroup = 9CD681441FFB1E080077729C /* Products */;
			projectDirPath = "";
			projectRoot = "";
			targets = (
				9CD681421FFB1E080077729C /* SimpleProjectRX */,
			);
		};
/* End PBXProject section */

/* Begin PBXResourcesBuildPhase section */
		9CD681411FFB1E080077729C /* Resources */ = {
			isa = PBXResourcesBuildPhase;
			buildActionMask = 2147483647;
			files = (
				9C55D8C11FFB6FF900F29453 /* MVVMViewController.xib in Resources */,
				9C4CEAA11FFE0939004F6E74 /* SwitchEnumsAndTableViewController.xib in Resources */,
				9CD681541FFB1E080077729C /* LaunchScreen.storyboard in Resources */,
				9C55D8BD1FFB6FCD00F29453 /* FetchingDataViewController.xib in Resources */,
				9C55D8B51FFB6F4F00F29453 /* MultipleCellViewController.xib in Resources */,
				9CDE9ADE20031D1E001E3FCE /* CircleViewViewController.xib in Resources */,
				9CD681511FFB1E080077729C /* Assets.xcassets in Resources */,
				9C55D8A91FFB6E3800F29453 /* ValidateLoginViewController.xib in Resources */,
				9C55D8981FFB43CF00F29453 /* SettingViewController.xib in Resources */,
				9C55D8B91FFB6F9200F29453 /* CustomObservableViewController.xib in Resources */,
				9C55D8AD1FFB6EEB00F29453 /* SearchViewController.xib in Resources */,
				9C55D8941FFB43C200F29453 /* MediumViewController.xib in Resources */,
				9C37E6171FFF29F500D9A7E6 /* DetailA_ViewController.xib in Resources */,
				9C55D8B11FFB6F1E00F29453 /* GalleryImageViewController.xib in Resources */,
				9C55D8851FFB2C9400F29453 /* CongtyViewController.xib in Resources */,
				9CCE900D1FFE121900B30561 /* VibloViewController.xib in Resources */,
				9C4B0DEB1FFF8363007F0817 /* SearchViblo_ViewController.xib in Resources */,
				9C0BD0C51FFF3AED00335F3A /* DetailB_ViewController.xib in Resources */,
				9C0BD0CE1FFF662400335F3A /* OneViewController.xib in Resources */,
				9C55D8A51FFB6DFD00F29453 /* CalculatorViewController.xib in Resources */,
				9C0BD0CA1FFF5A9B00335F3A /* SecondViewController.xib in Resources */,
				9C5B4D8520035FAC00C0514C /* GitHupViewController.xib in Resources */,
			);
			runOnlyForDeploymentPostprocessing = 0;
		};
/* End PBXResourcesBuildPhase section */

/* Begin PBXShellScriptBuildPhase section */
		270B44D82C480EBA5D1F39A7 /* [CP] Embed Pods Frameworks */ = {
			isa = PBXShellScriptBuildPhase;
			buildActionMask = 2147483647;
			files = (
			);
			inputPaths = (
				"${SRCROOT}/Pods/Target Support Files/Pods-SimpleProjectRX/Pods-SimpleProjectRX-frameworks.sh",
				"${BUILT_PRODUCTS_DIR}/Alamofire/Alamofire.framework",
				"${BUILT_PRODUCTS_DIR}/ChameleonFramework/ChameleonFramework.framework",
				"${BUILT_PRODUCTS_DIR}/Kingfisher/Kingfisher.framework",
				"${BUILT_PRODUCTS_DIR}/MVVM-Swift/MVVM.framework",
				"${BUILT_PRODUCTS_DIR}/ObjectMapper/ObjectMapper.framework",
				"${BUILT_PRODUCTS_DIR}/Realm/Realm.framework",
				"${BUILT_PRODUCTS_DIR}/RealmSwift/RealmSwift.framework",
				"${BUILT_PRODUCTS_DIR}/RxAlamofire/RxAlamofire.framework",
				"${BUILT_PRODUCTS_DIR}/RxCocoa/RxCocoa.framework",
				"${BUILT_PRODUCTS_DIR}/RxMapKit/RxMapKit.framework",
				"${BUILT_PRODUCTS_DIR}/RxSwift/RxSwift.framework",
				"${BUILT_PRODUCTS_DIR}/SAMKeychain/SAMKeychain.framework",
				"${BUILT_PRODUCTS_DIR}/SVProgressHUD/SVProgressHUD.framework",
			);
			name = "[CP] Embed Pods Frameworks";
			outputPaths = (
				"${TARGET_BUILD_DIR}/${FRAMEWORKS_FOLDER_PATH}/Alamofire.framework",
				"${TARGET_BUILD_DIR}/${FRAMEWORKS_FOLDER_PATH}/ChameleonFramework.framework",
				"${TARGET_BUILD_DIR}/${FRAMEWORKS_FOLDER_PATH}/Kingfisher.framework",
				"${TARGET_BUILD_DIR}/${FRAMEWORKS_FOLDER_PATH}/MVVM.framework",
				"${TARGET_BUILD_DIR}/${FRAMEWORKS_FOLDER_PATH}/ObjectMapper.framework",
				"${TARGET_BUILD_DIR}/${FRAMEWORKS_FOLDER_PATH}/Realm.framework",
				"${TARGET_BUILD_DIR}/${FRAMEWORKS_FOLDER_PATH}/RealmSwift.framework",
				"${TARGET_BUILD_DIR}/${FRAMEWORKS_FOLDER_PATH}/RxAlamofire.framework",
				"${TARGET_BUILD_DIR}/${FRAMEWORKS_FOLDER_PATH}/RxCocoa.framework",
				"${TARGET_BUILD_DIR}/${FRAMEWORKS_FOLDER_PATH}/RxMapKit.framework",
				"${TARGET_BUILD_DIR}/${FRAMEWORKS_FOLDER_PATH}/RxSwift.framework",
				"${TARGET_BUILD_DIR}/${FRAMEWORKS_FOLDER_PATH}/SAMKeychain.framework",
				"${TARGET_BUILD_DIR}/${FRAMEWORKS_FOLDER_PATH}/SVProgressHUD.framework",
			);
			runOnlyForDeploymentPostprocessing = 0;
			shellPath = /bin/sh;
			shellScript = "\"${SRCROOT}/Pods/Target Support Files/Pods-SimpleProjectRX/Pods-SimpleProjectRX-frameworks.sh\"\n";
			showEnvVarsInLog = 0;
		};
		2908D7B5028678C32E7B6B72 /* [CP] Copy Pods Resources */ = {
			isa = PBXShellScriptBuildPhase;
			buildActionMask = 2147483647;
			files = (
			);
			inputPaths = (
			);
			name = "[CP] Copy Pods Resources";
			outputPaths = (
			);
			runOnlyForDeploymentPostprocessing = 0;
			shellPath = /bin/sh;
			shellScript = "\"${SRCROOT}/Pods/Target Support Files/Pods-SimpleProjectRX/Pods-SimpleProjectRX-resources.sh\"\n";
			showEnvVarsInLog = 0;
		};
		AA61829ABD47DBCF639853FC /* [CP] Check Pods Manifest.lock */ = {
			isa = PBXShellScriptBuildPhase;
			buildActionMask = 2147483647;
			files = (
			);
			inputPaths = (
				"${PODS_PODFILE_DIR_PATH}/Podfile.lock",
				"${PODS_ROOT}/Manifest.lock",
			);
			name = "[CP] Check Pods Manifest.lock";
			outputPaths = (
				"$(DERIVED_FILE_DIR)/Pods-SimpleProjectRX-checkManifestLockResult.txt",
			);
			runOnlyForDeploymentPostprocessing = 0;
			shellPath = /bin/sh;
			shellScript = "diff \"${PODS_PODFILE_DIR_PATH}/Podfile.lock\" \"${PODS_ROOT}/Manifest.lock\" > /dev/null\nif [ $? != 0 ] ; then\n    # print error to STDERR\n    echo \"error: The sandbox is not in sync with the Podfile.lock. Run 'pod install' or update your CocoaPods installation.\" >&2\n    exit 1\nfi\n# This output is used by Xcode 'outputs' to avoid re-running this script phase.\necho \"SUCCESS\" > \"${SCRIPT_OUTPUT_FILE_0}\"\n";
			showEnvVarsInLog = 0;
		};
/* End PBXShellScriptBuildPhase section */

/* Begin PBXSourcesBuildPhase section */
		9CD6813F1FFB1E080077729C /* Sources */ = {
			isa = PBXSourcesBuildPhase;
			buildActionMask = 2147483647;
			files = (
				9C55D8B81FFB6F9200F29453 /* CustomObservableViewController.swift in Sources */,
				9C55D8B41FFB6F4F00F29453 /* MultipleCellViewController.swift in Sources */,
				9C55D8AC1FFB6EEB00F29453 /* SearchViewController.swift in Sources */,
				9C4CEAA01FFE0939004F6E74 /* SwitchEnumsAndTableViewController.swift in Sources */,
				9C55D8B01FFB6F1E00F29453 /* GalleryImageViewController.swift in Sources */,
				9C0BD0C91FFF5A9B00335F3A /* SecondViewController.swift in Sources */,
				9CDE9AE0200322FE001E3FCE /* CircleViewModel.swift in Sources */,
				9CFE39521FFC7B1C0033B6C3 /* LoginViewModel.swift in Sources */,
				9C55D8A81FFB6E3800F29453 /* ValidateLoginViewController.swift in Sources */,
				9C55D8931FFB43C200F29453 /* MediumViewController.swift in Sources */,
				9C0BD0C41FFF3AED00335F3A /* DetailB_ViewController.swift in Sources */,
				9C55D8971FFB43CF00F29453 /* SettingViewController.swift in Sources */,
				9C37E6161FFF29F500D9A7E6 /* DetailA_ViewController.swift in Sources */,
				9C55D8A41FFB6DFD00F29453 /* CalculatorViewController.swift in Sources */,
				9CCE900C1FFE121900B30561 /* VibloViewController.swift in Sources */,
				9C55D8BC1FFB6FCD00F29453 /* FetchingDataViewController.swift in Sources */,
				9CD681471FFB1E080077729C /* AppDelegate.swift in Sources */,
				9C55D87B1FFB2AC400F29453 /* TabbarController.swift in Sources */,
				9C55D8C01FFB6FF900F29453 /* MVVMViewController.swift in Sources */,
				9C4B0DEA1FFF8363007F0817 /* SearchViblo_ViewController.swift in Sources */,
				9C0BD0CD1FFF662400335F3A /* OneViewController.swift in Sources */,
				9CDE9ADD20031D1E001E3FCE /* CircleViewViewController.swift in Sources */,
				9CD6814F1FFB1E080077729C /* SimpleProjectRX.xcdatamodeld in Sources */,
				9C5B4D8420035FAC00C0514C /* GitHupViewController.swift in Sources */,
				9C55D8841FFB2C9400F29453 /* CongtyViewController.swift in Sources */,
			);
			runOnlyForDeploymentPostprocessing = 0;
		};
/* End PBXSourcesBuildPhase section */

/* Begin PBXVariantGroup section */
		9CD681521FFB1E080077729C /* LaunchScreen.storyboard */ = {
			isa = PBXVariantGroup;
			children = (
				9CD681531FFB1E080077729C /* Base */,
			);
			name = LaunchScreen.storyboard;
			sourceTree = "<group>";
		};
/* End PBXVariantGroup section */

/* Begin XCBuildConfiguration section */
		9CD681561FFB1E080077729C /* Debug */ = {
			isa = XCBuildConfiguration;
			buildSettings = {
				ALWAYS_SEARCH_USER_PATHS = NO;
				CLANG_ANALYZER_NONNULL = YES;
				CLANG_ANALYZER_NUMBER_OBJECT_CONVERSION = YES_AGGRESSIVE;
				CLANG_CXX_LANGUAGE_STANDARD = "gnu++0x";
				CLANG_CXX_LIBRARY = "libc++";
				CLANG_ENABLE_MODULES = YES;
				CLANG_ENABLE_OBJC_ARC = YES;
				CLANG_WARN_BOOL_CONVERSION = YES;
				CLANG_WARN_CONSTANT_CONVERSION = YES;
				CLANG_WARN_DIRECT_OBJC_ISA_USAGE = YES_ERROR;
				CLANG_WARN_DOCUMENTATION_COMMENTS = YES;
				CLANG_WARN_EMPTY_BODY = YES;
				CLANG_WARN_ENUM_CONVERSION = YES;
				CLANG_WARN_INFINITE_RECURSION = YES;
				CLANG_WARN_INT_CONVERSION = YES;
				CLANG_WARN_OBJC_ROOT_CLASS = YES_ERROR;
				CLANG_WARN_SUSPICIOUS_MOVE = YES;
				CLANG_WARN_UNREACHABLE_CODE = YES;
				CLANG_WARN__DUPLICATE_METHOD_MATCH = YES;
				"CODE_SIGN_IDENTITY[sdk=iphoneos*]" = "iPhone Developer";
				COPY_PHASE_STRIP = NO;
				DEBUG_INFORMATION_FORMAT = dwarf;
				ENABLE_STRICT_OBJC_MSGSEND = YES;
				ENABLE_TESTABILITY = YES;
				GCC_C_LANGUAGE_STANDARD = gnu99;
				GCC_DYNAMIC_NO_PIC = NO;
				GCC_NO_COMMON_BLOCKS = YES;
				GCC_OPTIMIZATION_LEVEL = 0;
				GCC_PREPROCESSOR_DEFINITIONS = (
					"DEBUG=1",
					"$(inherited)",
				);
				GCC_WARN_64_TO_32_BIT_CONVERSION = YES;
				GCC_WARN_ABOUT_RETURN_TYPE = YES_ERROR;
				GCC_WARN_UNDECLARED_SELECTOR = YES;
				GCC_WARN_UNINITIALIZED_AUTOS = YES_AGGRESSIVE;
				GCC_WARN_UNUSED_FUNCTION = YES;
				GCC_WARN_UNUSED_VARIABLE = YES;
				IPHONEOS_DEPLOYMENT_TARGET = 10.3;
				MTL_ENABLE_DEBUG_INFO = YES;
				ONLY_ACTIVE_ARCH = YES;
				SDKROOT = iphoneos;
				SWIFT_ACTIVE_COMPILATION_CONDITIONS = DEBUG;
				SWIFT_OPTIMIZATION_LEVEL = "-Onone";
				TARGETED_DEVICE_FAMILY = "1,2";
			};
			name = Debug;
		};
		9CD681571FFB1E080077729C /* Release */ = {
			isa = XCBuildConfiguration;
			buildSettings = {
				ALWAYS_SEARCH_USER_PATHS = NO;
				CLANG_ANALYZER_NONNULL = YES;
				CLANG_ANALYZER_NUMBER_OBJECT_CONVERSION = YES_AGGRESSIVE;
				CLANG_CXX_LANGUAGE_STANDARD = "gnu++0x";
				CLANG_CXX_LIBRARY = "libc++";
				CLANG_ENABLE_MODULES = YES;
				CLANG_ENABLE_OBJC_ARC = YES;
				CLANG_WARN_BOOL_CONVERSION = YES;
				CLANG_WARN_CONSTANT_CONVERSION = YES;
				CLANG_WARN_DIRECT_OBJC_ISA_USAGE = YES_ERROR;
				CLANG_WARN_DOCUMENTATION_COMMENTS = YES;
				CLANG_WARN_EMPTY_BODY = YES;
				CLANG_WARN_ENUM_CONVERSION = YES;
				CLANG_WARN_INFINITE_RECURSION = YES;
				CLANG_WARN_INT_CONVERSION = YES;
				CLANG_WARN_OBJC_ROOT_CLASS = YES_ERROR;
				CLANG_WARN_SUSPICIOUS_MOVE = YES;
				CLANG_WARN_UNREACHABLE_CODE = YES;
				CLANG_WARN__DUPLICATE_METHOD_MATCH = YES;
				"CODE_SIGN_IDENTITY[sdk=iphoneos*]" = "iPhone Developer";
				COPY_PHASE_STRIP = NO;
				DEBUG_INFORMATION_FORMAT = "dwarf-with-dsym";
				ENABLE_NS_ASSERTIONS = NO;
				ENABLE_STRICT_OBJC_MSGSEND = YES;
				GCC_C_LANGUAGE_STANDARD = gnu99;
				GCC_NO_COMMON_BLOCKS = YES;
				GCC_WARN_64_TO_32_BIT_CONVERSION = YES;
				GCC_WARN_ABOUT_RETURN_TYPE = YES_ERROR;
				GCC_WARN_UNDECLARED_SELECTOR = YES;
				GCC_WARN_UNINITIALIZED_AUTOS = YES_AGGRESSIVE;
				GCC_WARN_UNUSED_FUNCTION = YES;
				GCC_WARN_UNUSED_VARIABLE = YES;
				IPHONEOS_DEPLOYMENT_TARGET = 10.3;
				MTL_ENABLE_DEBUG_INFO = NO;
				SDKROOT = iphoneos;
				SWIFT_OPTIMIZATION_LEVEL = "-Owholemodule";
				TARGETED_DEVICE_FAMILY = "1,2";
				VALIDATE_PRODUCT = YES;
			};
			name = Release;
		};
		9CD681591FFB1E080077729C /* Debug */ = {
			isa = XCBuildConfiguration;
			baseConfigurationReference = F1F183623372135E3E0C317A /* Pods-SimpleProjectRX.debug.xcconfig */;
			buildSettings = {
				ASSETCATALOG_COMPILER_APPICON_NAME = AppIcon;
				DEVELOPMENT_TEAM = 68855R4HVL;
				INFOPLIST_FILE = SimpleProjectRX/Info.plist;
				IPHONEOS_DEPLOYMENT_TARGET = 10.0;
				LD_RUNPATH_SEARCH_PATHS = "$(inherited) @executable_path/Frameworks";
				PRODUCT_BUNDLE_IDENTIFIER = vn.asiantech.dev.SimpleProjectRX;
				PRODUCT_NAME = "$(TARGET_NAME)";
				SWIFT_VERSION = 3.0;
			};
			name = Debug;
		};
		9CD6815A1FFB1E080077729C /* Release */ = {
			isa = XCBuildConfiguration;
			baseConfigurationReference = B25B0835144814C419636DDF /* Pods-SimpleProjectRX.release.xcconfig */;
			buildSettings = {
				ASSETCATALOG_COMPILER_APPICON_NAME = AppIcon;
				DEVELOPMENT_TEAM = 68855R4HVL;
				INFOPLIST_FILE = SimpleProjectRX/Info.plist;
				IPHONEOS_DEPLOYMENT_TARGET = 10.0;
				LD_RUNPATH_SEARCH_PATHS = "$(inherited) @executable_path/Frameworks";
				PRODUCT_BUNDLE_IDENTIFIER = vn.asiantech.dev.SimpleProjectRX;
				PRODUCT_NAME = "$(TARGET_NAME)";
				SWIFT_VERSION = 3.0;
			};
			name = Release;
		};
/* End XCBuildConfiguration section */

/* Begin XCConfigurationList section */
		9CD6813E1FFB1E080077729C /* Build configuration list for PBXProject "SimpleProjectRX" */ = {
			isa = XCConfigurationList;
			buildConfigurations = (
				9CD681561FFB1E080077729C /* Debug */,
				9CD681571FFB1E080077729C /* Release */,
			);
			defaultConfigurationIsVisible = 0;
			defaultConfigurationName = Release;
		};
		9CD681581FFB1E080077729C /* Build configuration list for PBXNativeTarget "SimpleProjectRX" */ = {
			isa = XCConfigurationList;
			buildConfigurations = (
				9CD681591FFB1E080077729C /* Debug */,
				9CD6815A1FFB1E080077729C /* Release */,
			);
			defaultConfigurationIsVisible = 0;
			defaultConfigurationName = Release;
		};
/* End XCConfigurationList section */

/* Begin XCVersionGroup section */
		9CD6814D1FFB1E080077729C /* SimpleProjectRX.xcdatamodeld */ = {
			isa = XCVersionGroup;
			children = (
				9CD6814E1FFB1E080077729C /* SimpleProjectRX.xcdatamodel */,
			);
			currentVersion = 9CD6814E1FFB1E080077729C /* SimpleProjectRX.xcdatamodel */;
			path = SimpleProjectRX.xcdatamodeld;
			sourceTree = "<group>";
			versionGroupType = wrapper.xcdatamodel;
		};
/* End XCVersionGroup section */
	};
	rootObject = 9CD6813B1FFB1E080077729C /* Project object */;
}
