// !$*UTF8*$!
{
	archiveVersion = 1;
	classes = {
	};
	objectVersion = 46;
	objects = {

/* Begin PBXBuildFile section */
		81BF9C38E8B32CC671FDDDAA /* Pods_SimpleProjectRX.framework in Frameworks */ = {isa = PBXBuildFile; fileRef = 79F3F7A24FAE677405EFE0BA /* Pods_SimpleProjectRX.framework */; };
		9C0BD0C41FFF3AED00335F3A /* DetailB_ViewController.swift in Sources */ = {isa = PBXBuildFile; fileRef = 9C0BD0C21FFF3AED00335F3A /* DetailB_ViewController.swift */; };
		9C0BD0C51FFF3AED00335F3A /* DetailB_ViewController.xib in Resources */ = {isa = PBXBuildFile; fileRef = 9C0BD0C31FFF3AED00335F3A /* DetailB_ViewController.xib */; };
		9C0BD0C91FFF5A9B00335F3A /* SecondViewController.swift in Sources */ = {isa = PBXBuildFile; fileRef = 9C0BD0C71FFF5A9B00335F3A /* SecondViewController.swift */; };
		9C0BD0CA1FFF5A9B00335F3A /* SecondViewController.xib in Resources */ = {isa = PBXBuildFile; fileRef = 9C0BD0C81FFF5A9B00335F3A /* SecondViewController.xib */; };
		9C0BD0CD1FFF662400335F3A /* OneViewController.swift in Sources */ = {isa = PBXBuildFile; fileRef = 9C0BD0CB1FFF662400335F3A /* OneViewController.swift */; };
		9C0BD0CE1FFF662400335F3A /* OneViewController.xib in Resources */ = {isa = PBXBuildFile; fileRef = 9C0BD0CC1FFF662400335F3A /* OneViewController.xib */; };
		9C0EB79C2005B26500721A06 /* LazyClosureViewController.swift in Sources */ = {isa = PBXBuildFile; fileRef = 9C0EB79A2005B26500721A06 /* LazyClosureViewController.swift */; };
		9C0EB79D2005B26500721A06 /* LazyClosureViewController.xib in Resources */ = {isa = PBXBuildFile; fileRef = 9C0EB79B2005B26500721A06 /* LazyClosureViewController.xib */; };
		9C0EB7A12005C9B400721A06 /* APIReactiveRxSwiftViewController.swift in Sources */ = {isa = PBXBuildFile; fileRef = 9C0EB79F2005C9B400721A06 /* APIReactiveRxSwiftViewController.swift */; };
		9C0EB7A22005C9B400721A06 /* APIReactiveRxSwiftViewController.xib in Resources */ = {isa = PBXBuildFile; fileRef = 9C0EB7A02005C9B400721A06 /* APIReactiveRxSwiftViewController.xib */; };
		9C0EB7A52005CA0000721A06 /* API.swift in Sources */ = {isa = PBXBuildFile; fileRef = 9C0EB7A42005CA0000721A06 /* API.swift */; };
		9C24BC922004A8D800374517 /* EventListViewModel.swift in Sources */ = {isa = PBXBuildFile; fileRef = 9C24BC912004A8D800374517 /* EventListViewModel.swift */; };
		9C24BC972004B0D000374517 /* RepoCell.swift in Sources */ = {isa = PBXBuildFile; fileRef = 9C24BC952004B0D000374517 /* RepoCell.swift */; };
		9C24BC982004B0D000374517 /* RepoCell.xib in Resources */ = {isa = PBXBuildFile; fileRef = 9C24BC962004B0D000374517 /* RepoCell.xib */; };
		9C2511A42008496800A4995D /*  NotificationExtension.swift in Sources */ = {isa = PBXBuildFile; fileRef = 9C2511A32008496800A4995D /*  NotificationExtension.swift */; };
		9C37E6161FFF29F500D9A7E6 /* DetailA_ViewController.swift in Sources */ = {isa = PBXBuildFile; fileRef = 9C37E6141FFF29F500D9A7E6 /* DetailA_ViewController.swift */; };
		9C37E6171FFF29F500D9A7E6 /* DetailA_ViewController.xib in Resources */ = {isa = PBXBuildFile; fileRef = 9C37E6151FFF29F500D9A7E6 /* DetailA_ViewController.xib */; };
		9C4B0DEA1FFF8363007F0817 /* SearchViblo_ViewController.swift in Sources */ = {isa = PBXBuildFile; fileRef = 9C4B0DE81FFF8363007F0817 /* SearchViblo_ViewController.swift */; };
		9C4B0DEB1FFF8363007F0817 /* SearchViblo_ViewController.xib in Resources */ = {isa = PBXBuildFile; fileRef = 9C4B0DE91FFF8363007F0817 /* SearchViblo_ViewController.xib */; };
		9C4CEAA01FFE0939004F6E74 /* SwitchEnumsAndTableViewController.swift in Sources */ = {isa = PBXBuildFile; fileRef = 9C4CEA9E1FFE0939004F6E74 /* SwitchEnumsAndTableViewController.swift */; };
		9C4CEAA11FFE0939004F6E74 /* SwitchEnumsAndTableViewController.xib in Resources */ = {isa = PBXBuildFile; fileRef = 9C4CEA9F1FFE0939004F6E74 /* SwitchEnumsAndTableViewController.xib */; };
		9C4F69E720047F1C00BDE993 /* APIInputBase.swift in Sources */ = {isa = PBXBuildFile; fileRef = 9C4F69E620047F1C00BDE993 /* APIInputBase.swift */; };
		9C4F69E920047F3100BDE993 /* APIOutputBase.swift in Sources */ = {isa = PBXBuildFile; fileRef = 9C4F69E820047F3100BDE993 /* APIOutputBase.swift */; };
		9C4F69EB20047F4100BDE993 /* URLs.swift in Sources */ = {isa = PBXBuildFile; fileRef = 9C4F69EA20047F4100BDE993 /* URLs.swift */; };
		9C4F69ED20047F5300BDE993 /* ResponseError.swift in Sources */ = {isa = PBXBuildFile; fileRef = 9C4F69EC20047F5300BDE993 /* ResponseError.swift */; };
		9C4F69EF20047F7800BDE993 /* APIService.swift in Sources */ = {isa = PBXBuildFile; fileRef = 9C4F69EE20047F7800BDE993 /* APIService.swift */; };
		9C4F69F220047FF200BDE993 /* RepoList.swift in Sources */ = {isa = PBXBuildFile; fileRef = 9C4F69F120047FF200BDE993 /* RepoList.swift */; };
		9C4F69F42004801B00BDE993 /* EventList.swift in Sources */ = {isa = PBXBuildFile; fileRef = 9C4F69F32004801B00BDE993 /* EventList.swift */; };
		9C4F69F62004802600BDE993 /* RepoService.swift in Sources */ = {isa = PBXBuildFile; fileRef = 9C4F69F52004802600BDE993 /* RepoService.swift */; };
		9C4F69F920049E5E00BDE993 /* RepoListViewModel.swift in Sources */ = {isa = PBXBuildFile; fileRef = 9C4F69F820049E5E00BDE993 /* RepoListViewModel.swift */; };
		9C55D87B1FFB2AC400F29453 /* TabbarController.swift in Sources */ = {isa = PBXBuildFile; fileRef = 9C55D87A1FFB2AC400F29453 /* TabbarController.swift */; };
		9C55D8841FFB2C9400F29453 /* HomeViewController.swift in Sources */ = {isa = PBXBuildFile; fileRef = 9C55D8821FFB2C9400F29453 /* HomeViewController.swift */; };
		9C55D8851FFB2C9400F29453 /* HomeViewController.xib in Resources */ = {isa = PBXBuildFile; fileRef = 9C55D8831FFB2C9400F29453 /* HomeViewController.xib */; };
		9C55D8931FFB43C200F29453 /* MediumViewController.swift in Sources */ = {isa = PBXBuildFile; fileRef = 9C55D8911FFB43C200F29453 /* MediumViewController.swift */; };
		9C55D8941FFB43C200F29453 /* MediumViewController.xib in Resources */ = {isa = PBXBuildFile; fileRef = 9C55D8921FFB43C200F29453 /* MediumViewController.xib */; };
		9C55D8971FFB43CF00F29453 /* RaywenderViewController.swift in Sources */ = {isa = PBXBuildFile; fileRef = 9C55D8951FFB43CF00F29453 /* RaywenderViewController.swift */; };
		9C55D8981FFB43CF00F29453 /* RaywenderViewController.xib in Resources */ = {isa = PBXBuildFile; fileRef = 9C55D8961FFB43CF00F29453 /* RaywenderViewController.xib */; };
		9C55D8A41FFB6DFD00F29453 /* CalculatorViewController.swift in Sources */ = {isa = PBXBuildFile; fileRef = 9C55D8A21FFB6DFD00F29453 /* CalculatorViewController.swift */; };
		9C55D8A51FFB6DFD00F29453 /* CalculatorViewController.xib in Resources */ = {isa = PBXBuildFile; fileRef = 9C55D8A31FFB6DFD00F29453 /* CalculatorViewController.xib */; };
		9C55D8A81FFB6E3800F29453 /* ValidateLoginViewController.swift in Sources */ = {isa = PBXBuildFile; fileRef = 9C55D8A61FFB6E3800F29453 /* ValidateLoginViewController.swift */; };
		9C55D8A91FFB6E3800F29453 /* ValidateLoginViewController.xib in Resources */ = {isa = PBXBuildFile; fileRef = 9C55D8A71FFB6E3800F29453 /* ValidateLoginViewController.xib */; };
		9C55D8AC1FFB6EEB00F29453 /* SearchViewController.swift in Sources */ = {isa = PBXBuildFile; fileRef = 9C55D8AA1FFB6EEB00F29453 /* SearchViewController.swift */; };
		9C55D8AD1FFB6EEB00F29453 /* SearchViewController.xib in Resources */ = {isa = PBXBuildFile; fileRef = 9C55D8AB1FFB6EEB00F29453 /* SearchViewController.xib */; };
		9C55D8B01FFB6F1E00F29453 /* GalleryImageViewController.swift in Sources */ = {isa = PBXBuildFile; fileRef = 9C55D8AE1FFB6F1E00F29453 /* GalleryImageViewController.swift */; };
		9C55D8B11FFB6F1E00F29453 /* GalleryImageViewController.xib in Resources */ = {isa = PBXBuildFile; fileRef = 9C55D8AF1FFB6F1E00F29453 /* GalleryImageViewController.xib */; };
		9C55D8B41FFB6F4F00F29453 /* MultipleCellViewController.swift in Sources */ = {isa = PBXBuildFile; fileRef = 9C55D8B21FFB6F4F00F29453 /* MultipleCellViewController.swift */; };
		9C55D8B51FFB6F4F00F29453 /* MultipleCellViewController.xib in Resources */ = {isa = PBXBuildFile; fileRef = 9C55D8B31FFB6F4F00F29453 /* MultipleCellViewController.xib */; };
		9C55D8B81FFB6F9200F29453 /* CustomObservableViewController.swift in Sources */ = {isa = PBXBuildFile; fileRef = 9C55D8B61FFB6F9200F29453 /* CustomObservableViewController.swift */; };
		9C55D8B91FFB6F9200F29453 /* CustomObservableViewController.xib in Resources */ = {isa = PBXBuildFile; fileRef = 9C55D8B71FFB6F9200F29453 /* CustomObservableViewController.xib */; };
		9C55D8BC1FFB6FCD00F29453 /* FetchingDataViewController.swift in Sources */ = {isa = PBXBuildFile; fileRef = 9C55D8BA1FFB6FCD00F29453 /* FetchingDataViewController.swift */; };
		9C55D8BD1FFB6FCD00F29453 /* FetchingDataViewController.xib in Resources */ = {isa = PBXBuildFile; fileRef = 9C55D8BB1FFB6FCD00F29453 /* FetchingDataViewController.xib */; };
		9C55D8C01FFB6FF900F29453 /* MVVMViewController.swift in Sources */ = {isa = PBXBuildFile; fileRef = 9C55D8BE1FFB6FF900F29453 /* MVVMViewController.swift */; };
		9C55D8C11FFB6FF900F29453 /* MVVMViewController.xib in Resources */ = {isa = PBXBuildFile; fileRef = 9C55D8BF1FFB6FF900F29453 /* MVVMViewController.xib */; };
		9C5B4D8420035FAC00C0514C /* RepoListViewController.swift in Sources */ = {isa = PBXBuildFile; fileRef = 9C5B4D8220035FAC00C0514C /* RepoListViewController.swift */; };
		9C5B4D8520035FAC00C0514C /* RepoListViewController.xib in Resources */ = {isa = PBXBuildFile; fileRef = 9C5B4D8320035FAC00C0514C /* RepoListViewController.xib */; };
		9C5B4D882003608A00C0514C /* Repo.swift in Sources */ = {isa = PBXBuildFile; fileRef = 9C5B4D872003608A00C0514C /* Repo.swift */; };
		9C5B4D8A2003609700C0514C /* Event.swift in Sources */ = {isa = PBXBuildFile; fileRef = 9C5B4D892003609700C0514C /* Event.swift */; };
		9C5F9F8A2004C7540095D64A /* Navigator.swift in Sources */ = {isa = PBXBuildFile; fileRef = 9C5F9F892004C7540095D64A /* Navigator.swift */; };
		9C5F9F8C2004C8020095D64A /* SwinjectStoryboard.swift in Sources */ = {isa = PBXBuildFile; fileRef = 9C5F9F8B2004C8020095D64A /* SwinjectStoryboard.swift */; };
		9C5F9F8E2004C82C0095D64A /* TableView+.swift in Sources */ = {isa = PBXBuildFile; fileRef = 9C5F9F8D2004C82C0095D64A /* TableView+.swift */; };
		9C5F9F902004C8400095D64A /* Storyboard+.swift in Sources */ = {isa = PBXBuildFile; fileRef = 9C5F9F8F2004C8400095D64A /* Storyboard+.swift */; };
		9C6AA3F82016DCE9002F681A /* PhotoWriter.swift in Sources */ = {isa = PBXBuildFile; fileRef = 9C6AA3F72016DCE9002F681A /* PhotoWriter.swift */; };
		9C727A642011A09C006CFB25 /* ClosuresGenericsPOPViewController.swift in Sources */ = {isa = PBXBuildFile; fileRef = 9C727A622011A09C006CFB25 /* ClosuresGenericsPOPViewController.swift */; };
		9C727A652011A09C006CFB25 /* ClosuresGenericsPOPViewController.xib in Resources */ = {isa = PBXBuildFile; fileRef = 9C727A632011A09C006CFB25 /* ClosuresGenericsPOPViewController.xib */; };
		9C727A6C2011A34E006CFB25 /* MoVieCell.swift in Sources */ = {isa = PBXBuildFile; fileRef = 9C727A6A2011A34E006CFB25 /* MoVieCell.swift */; };
		9C727A6F2011A4EE006CFB25 /* Movie.swift in Sources */ = {isa = PBXBuildFile; fileRef = 9C727A6E2011A4EE006CFB25 /* Movie.swift */; };
		9C727A712011CC4E006CFB25 /* MovieViewModel.swift in Sources */ = {isa = PBXBuildFile; fileRef = 9C727A702011CC4E006CFB25 /* MovieViewModel.swift */; };
		9C727A742011DAB9006CFB25 /* JSONDownloader.swift in Sources */ = {isa = PBXBuildFile; fileRef = 9C727A732011DAB9006CFB25 /* JSONDownloader.swift */; };
		9C727A762011F65F006CFB25 /* MovieService.swift in Sources */ = {isa = PBXBuildFile; fileRef = 9C727A752011F65F006CFB25 /* MovieService.swift */; };
		9C8D136E2007090400C1BE5E /* DesignPatternViewController.swift in Sources */ = {isa = PBXBuildFile; fileRef = 9C8D136C2007090400C1BE5E /* DesignPatternViewController.swift */; };
		9C8D136F2007090400C1BE5E /* DesignPatternViewController.xib in Resources */ = {isa = PBXBuildFile; fileRef = 9C8D136D2007090400C1BE5E /* DesignPatternViewController.xib */; };
		9C8D1371200709D800C1BE5E /* Album.swift in Sources */ = {isa = PBXBuildFile; fileRef = 9C8D1370200709D800C1BE5E /* Album.swift */; };
		9C8D137320070A0500C1BE5E /* AlbumView.swift in Sources */ = {isa = PBXBuildFile; fileRef = 9C8D137220070A0500C1BE5E /* AlbumView.swift */; };
		9C8D137620070CDA00C1BE5E /* HTTPClient.swift in Sources */ = {isa = PBXBuildFile; fileRef = 9C8D137520070CDA00C1BE5E /* HTTPClient.swift */; };
		9C8D137F2007120D00C1BE5E /* LibraryAPI.swift in Sources */ = {isa = PBXBuildFile; fileRef = 9C8D137E2007120D00C1BE5E /* LibraryAPI.swift */; };
		9C8D13812007129B00C1BE5E /* PersistencyManager.swift in Sources */ = {isa = PBXBuildFile; fileRef = 9C8D13802007129B00C1BE5E /* PersistencyManager.swift */; };
		9CA4C3B7200761CF0063DD99 /* HorizontalScrollerView.swift in Sources */ = {isa = PBXBuildFile; fileRef = 9CA4C3B6200761CF0063DD99 /* HorizontalScrollerView.swift */; };
		9CBA95F3200C8A1A00ABA54D /* NotificationCenter.framework in Frameworks */ = {isa = PBXBuildFile; fileRef = 9CBA95F2200C8A1A00ABA54D /* NotificationCenter.framework */; };
		9CBA95F6200C8A1A00ABA54D /* TodayViewController.swift in Sources */ = {isa = PBXBuildFile; fileRef = 9CBA95F5200C8A1A00ABA54D /* TodayViewController.swift */; };
		9CBA95F9200C8A1A00ABA54D /* MainInterface.storyboard in Resources */ = {isa = PBXBuildFile; fileRef = 9CBA95F7200C8A1A00ABA54D /* MainInterface.storyboard */; };
		9CBA95FD200C8A1A00ABA54D /* TodayExtension.appex in Embed App Extensions */ = {isa = PBXBuildFile; fileRef = 9CBA95F1200C8A1A00ABA54D /* TodayExtension.appex */; settings = {ATTRIBUTES = (RemoveHeadersOnCopy, ); }; };
		9CBE4B192005CD7E00C1FFB6 /* APIProvider.swift in Sources */ = {isa = PBXBuildFile; fileRef = 9CBE4B182005CD7E00C1FFB6 /* APIProvider.swift */; };
		9CBE4B1C2005CDA900C1FFB6 /* BaseService.swift in Sources */ = {isa = PBXBuildFile; fileRef = 9CBE4B1B2005CDA900C1FFB6 /* BaseService.swift */; };
		9CBE4B1E2005CE2D00C1FFB6 /* BookService.swift in Sources */ = {isa = PBXBuildFile; fileRef = 9CBE4B1D2005CE2D00C1FFB6 /* BookService.swift */; };
		9CBE4B222006112D00C1FFB6 /* RepositoryDesignPatternViewController.swift in Sources */ = {isa = PBXBuildFile; fileRef = 9CBE4B202006112D00C1FFB6 /* RepositoryDesignPatternViewController.swift */; };
		9CBE4B232006112D00C1FFB6 /* RepositoryDesignPatternViewController.xib in Resources */ = {isa = PBXBuildFile; fileRef = 9CBE4B212006112D00C1FFB6 /* RepositoryDesignPatternViewController.xib */; };
		9CBE4B25200611A800C1FFB6 /* ArticleRepository.swift in Sources */ = {isa = PBXBuildFile; fileRef = 9CBE4B24200611A800C1FFB6 /* ArticleRepository.swift */; };
		9CCE900C1FFE121900B30561 /* VibloViewController.swift in Sources */ = {isa = PBXBuildFile; fileRef = 9CCE900A1FFE121900B30561 /* VibloViewController.swift */; };
		9CCE900D1FFE121900B30561 /* VibloViewController.xib in Resources */ = {isa = PBXBuildFile; fileRef = 9CCE900B1FFE121900B30561 /* VibloViewController.xib */; };
		9CD681471FFB1E080077729C /* AppDelegate.swift in Sources */ = {isa = PBXBuildFile; fileRef = 9CD681461FFB1E080077729C /* AppDelegate.swift */; };
		9CD6814F1FFB1E080077729C /* SimpleProjectRX.xcdatamodeld in Sources */ = {isa = PBXBuildFile; fileRef = 9CD6814D1FFB1E080077729C /* SimpleProjectRX.xcdatamodeld */; };
		9CD681511FFB1E080077729C /* Assets.xcassets in Resources */ = {isa = PBXBuildFile; fileRef = 9CD681501FFB1E080077729C /* Assets.xcassets */; };
		9CD681541FFB1E080077729C /* LaunchScreen.storyboard in Resources */ = {isa = PBXBuildFile; fileRef = 9CD681521FFB1E080077729C /* LaunchScreen.storyboard */; };
		9CDE9ADD20031D1E001E3FCE /* CircleViewViewController.swift in Sources */ = {isa = PBXBuildFile; fileRef = 9CDE9ADB20031D1E001E3FCE /* CircleViewViewController.swift */; };
		9CDE9ADE20031D1E001E3FCE /* CircleViewViewController.xib in Resources */ = {isa = PBXBuildFile; fileRef = 9CDE9ADC20031D1E001E3FCE /* CircleViewViewController.xib */; };
		9CDE9AE0200322FE001E3FCE /* CircleViewModel.swift in Sources */ = {isa = PBXBuildFile; fileRef = 9CDE9ADF200322FE001E3FCE /* CircleViewModel.swift */; };
		9CE9FEF1200DDDDB006766A3 /* LanguageListMVCViewController.swift in Sources */ = {isa = PBXBuildFile; fileRef = 9CE9FEEF200DDDDB006766A3 /* LanguageListMVCViewController.swift */; };
		9CE9FEF2200DDDDB006766A3 /* LanguageListMVCViewController.xib in Resources */ = {isa = PBXBuildFile; fileRef = 9CE9FEF0200DDDDB006766A3 /* LanguageListMVCViewController.xib */; };
		9CE9FEF8200DE122006766A3 /* RepositoryMedium.swift in Sources */ = {isa = PBXBuildFile; fileRef = 9CE9FEF7200DE122006766A3 /* RepositoryMedium.swift */; };
		9CE9FEFA200DE1BB006766A3 /* GithubService.swift in Sources */ = {isa = PBXBuildFile; fileRef = 9CE9FEF9200DE1BB006766A3 /* GithubService.swift */; };
		9CE9FEFD200DF5A5006766A3 /* RepositoryListViewController.swift in Sources */ = {isa = PBXBuildFile; fileRef = 9CE9FEFB200DF5A5006766A3 /* RepositoryListViewController.swift */; };
		9CE9FEFE200DF5A5006766A3 /* RepositoryListViewController.xib in Resources */ = {isa = PBXBuildFile; fileRef = 9CE9FEFC200DF5A5006766A3 /* RepositoryListViewController.xib */; };
		9CE9FF05200DF64A006766A3 /* DetailViewCell.swift in Sources */ = {isa = PBXBuildFile; fileRef = 9CE9FF03200DF64A006766A3 /* DetailViewCell.swift */; };
		9CE9FF06200DF64A006766A3 /* DetailViewCell.xib in Resources */ = {isa = PBXBuildFile; fileRef = 9CE9FF04200DF64A006766A3 /* DetailViewCell.xib */; };
		9CFDCFB22015E7E3009875CB /* AlbumViewController.swift in Sources */ = {isa = PBXBuildFile; fileRef = 9CFDCFB02015E7E2009875CB /* AlbumViewController.swift */; };
		9CFDCFB32015E7E3009875CB /* AlbumViewController.xib in Resources */ = {isa = PBXBuildFile; fileRef = 9CFDCFB12015E7E2009875CB /* AlbumViewController.xib */; };
		9CFE39521FFC7B1C0033B6C3 /* LoginViewModel.swift in Sources */ = {isa = PBXBuildFile; fileRef = 9CFE39511FFC7B1C0033B6C3 /* LoginViewModel.swift */; };
/* End PBXBuildFile section */

/* Begin PBXContainerItemProxy section */
		9CBA95FB200C8A1A00ABA54D /* PBXContainerItemProxy */ = {
			isa = PBXContainerItemProxy;
			containerPortal = 9CD6813B1FFB1E080077729C /* Project object */;
			proxyType = 1;
			remoteGlobalIDString = 9CBA95F0200C8A1A00ABA54D;
			remoteInfo = TodayExtension;
		};
/* End PBXContainerItemProxy section */

/* Begin PBXCopyFilesBuildPhase section */
		9CBA9601200C8A1A00ABA54D /* Embed App Extensions */ = {
			isa = PBXCopyFilesBuildPhase;
			buildActionMask = 2147483647;
			dstPath = "";
			dstSubfolderSpec = 13;
			files = (
				9CBA95FD200C8A1A00ABA54D /* TodayExtension.appex in Embed App Extensions */,
			);
			name = "Embed App Extensions";
			runOnlyForDeploymentPostprocessing = 0;
		};
/* End PBXCopyFilesBuildPhase section */

/* Begin PBXFileReference section */
		79F3F7A24FAE677405EFE0BA /* Pods_SimpleProjectRX.framework */ = {isa = PBXFileReference; explicitFileType = wrapper.framework; includeInIndex = 0; path = Pods_SimpleProjectRX.framework; sourceTree = BUILT_PRODUCTS_DIR; };
		9C0BD0C21FFF3AED00335F3A /* DetailB_ViewController.swift */ = {isa = PBXFileReference; lastKnownFileType = sourcecode.swift; path = DetailB_ViewController.swift; sourceTree = "<group>"; };
		9C0BD0C31FFF3AED00335F3A /* DetailB_ViewController.xib */ = {isa = PBXFileReference; lastKnownFileType = file.xib; path = DetailB_ViewController.xib; sourceTree = "<group>"; };
		9C0BD0C71FFF5A9B00335F3A /* SecondViewController.swift */ = {isa = PBXFileReference; lastKnownFileType = sourcecode.swift; path = SecondViewController.swift; sourceTree = "<group>"; };
		9C0BD0C81FFF5A9B00335F3A /* SecondViewController.xib */ = {isa = PBXFileReference; lastKnownFileType = file.xib; path = SecondViewController.xib; sourceTree = "<group>"; };
		9C0BD0CB1FFF662400335F3A /* OneViewController.swift */ = {isa = PBXFileReference; lastKnownFileType = sourcecode.swift; path = OneViewController.swift; sourceTree = "<group>"; };
		9C0BD0CC1FFF662400335F3A /* OneViewController.xib */ = {isa = PBXFileReference; lastKnownFileType = file.xib; path = OneViewController.xib; sourceTree = "<group>"; };
		9C0EB79A2005B26500721A06 /* LazyClosureViewController.swift */ = {isa = PBXFileReference; lastKnownFileType = sourcecode.swift; path = LazyClosureViewController.swift; sourceTree = "<group>"; };
		9C0EB79B2005B26500721A06 /* LazyClosureViewController.xib */ = {isa = PBXFileReference; lastKnownFileType = file.xib; path = LazyClosureViewController.xib; sourceTree = "<group>"; };
		9C0EB79F2005C9B400721A06 /* APIReactiveRxSwiftViewController.swift */ = {isa = PBXFileReference; lastKnownFileType = sourcecode.swift; path = APIReactiveRxSwiftViewController.swift; sourceTree = "<group>"; };
		9C0EB7A02005C9B400721A06 /* APIReactiveRxSwiftViewController.xib */ = {isa = PBXFileReference; lastKnownFileType = file.xib; path = APIReactiveRxSwiftViewController.xib; sourceTree = "<group>"; };
		9C0EB7A42005CA0000721A06 /* API.swift */ = {isa = PBXFileReference; lastKnownFileType = sourcecode.swift; path = API.swift; sourceTree = "<group>"; };
		9C24BC912004A8D800374517 /* EventListViewModel.swift */ = {isa = PBXFileReference; lastKnownFileType = sourcecode.swift; path = EventListViewModel.swift; sourceTree = "<group>"; };
		9C24BC952004B0D000374517 /* RepoCell.swift */ = {isa = PBXFileReference; lastKnownFileType = sourcecode.swift; path = RepoCell.swift; sourceTree = "<group>"; };
		9C24BC962004B0D000374517 /* RepoCell.xib */ = {isa = PBXFileReference; lastKnownFileType = file.xib; path = RepoCell.xib; sourceTree = "<group>"; };
		9C2511A32008496800A4995D /*  NotificationExtension.swift */ = {isa = PBXFileReference; lastKnownFileType = sourcecode.swift; path = " NotificationExtension.swift"; sourceTree = "<group>"; };
		9C37E6141FFF29F500D9A7E6 /* DetailA_ViewController.swift */ = {isa = PBXFileReference; lastKnownFileType = sourcecode.swift; path = DetailA_ViewController.swift; sourceTree = "<group>"; };
		9C37E6151FFF29F500D9A7E6 /* DetailA_ViewController.xib */ = {isa = PBXFileReference; lastKnownFileType = file.xib; path = DetailA_ViewController.xib; sourceTree = "<group>"; };
		9C4B0DE81FFF8363007F0817 /* SearchViblo_ViewController.swift */ = {isa = PBXFileReference; lastKnownFileType = sourcecode.swift; path = SearchViblo_ViewController.swift; sourceTree = "<group>"; };
		9C4B0DE91FFF8363007F0817 /* SearchViblo_ViewController.xib */ = {isa = PBXFileReference; lastKnownFileType = file.xib; path = SearchViblo_ViewController.xib; sourceTree = "<group>"; };
		9C4CEA9E1FFE0939004F6E74 /* SwitchEnumsAndTableViewController.swift */ = {isa = PBXFileReference; lastKnownFileType = sourcecode.swift; path = SwitchEnumsAndTableViewController.swift; sourceTree = "<group>"; };
		9C4CEA9F1FFE0939004F6E74 /* SwitchEnumsAndTableViewController.xib */ = {isa = PBXFileReference; lastKnownFileType = file.xib; path = SwitchEnumsAndTableViewController.xib; sourceTree = "<group>"; };
		9C4F69E620047F1C00BDE993 /* APIInputBase.swift */ = {isa = PBXFileReference; lastKnownFileType = sourcecode.swift; path = APIInputBase.swift; sourceTree = "<group>"; };
		9C4F69E820047F3100BDE993 /* APIOutputBase.swift */ = {isa = PBXFileReference; lastKnownFileType = sourcecode.swift; path = APIOutputBase.swift; sourceTree = "<group>"; };
		9C4F69EA20047F4100BDE993 /* URLs.swift */ = {isa = PBXFileReference; lastKnownFileType = sourcecode.swift; path = URLs.swift; sourceTree = "<group>"; };
		9C4F69EC20047F5300BDE993 /* ResponseError.swift */ = {isa = PBXFileReference; lastKnownFileType = sourcecode.swift; path = ResponseError.swift; sourceTree = "<group>"; };
		9C4F69EE20047F7800BDE993 /* APIService.swift */ = {isa = PBXFileReference; lastKnownFileType = sourcecode.swift; path = APIService.swift; sourceTree = "<group>"; };
		9C4F69F120047FF200BDE993 /* RepoList.swift */ = {isa = PBXFileReference; lastKnownFileType = sourcecode.swift; path = RepoList.swift; sourceTree = "<group>"; };
		9C4F69F32004801B00BDE993 /* EventList.swift */ = {isa = PBXFileReference; lastKnownFileType = sourcecode.swift; path = EventList.swift; sourceTree = "<group>"; };
		9C4F69F52004802600BDE993 /* RepoService.swift */ = {isa = PBXFileReference; lastKnownFileType = sourcecode.swift; path = RepoService.swift; sourceTree = "<group>"; };
		9C4F69F820049E5E00BDE993 /* RepoListViewModel.swift */ = {isa = PBXFileReference; lastKnownFileType = sourcecode.swift; path = RepoListViewModel.swift; sourceTree = "<group>"; };
		9C55D87A1FFB2AC400F29453 /* TabbarController.swift */ = {isa = PBXFileReference; fileEncoding = 4; lastKnownFileType = sourcecode.swift; path = TabbarController.swift; sourceTree = "<group>"; };
		9C55D8821FFB2C9400F29453 /* HomeViewController.swift */ = {isa = PBXFileReference; fileEncoding = 4; lastKnownFileType = sourcecode.swift; path = HomeViewController.swift; sourceTree = "<group>"; };
		9C55D8831FFB2C9400F29453 /* HomeViewController.xib */ = {isa = PBXFileReference; fileEncoding = 4; lastKnownFileType = file.xib; path = HomeViewController.xib; sourceTree = "<group>"; };
		9C55D8911FFB43C200F29453 /* MediumViewController.swift */ = {isa = PBXFileReference; fileEncoding = 4; lastKnownFileType = sourcecode.swift; path = MediumViewController.swift; sourceTree = "<group>"; };
		9C55D8921FFB43C200F29453 /* MediumViewController.xib */ = {isa = PBXFileReference; fileEncoding = 4; lastKnownFileType = file.xib; path = MediumViewController.xib; sourceTree = "<group>"; };
		9C55D8951FFB43CF00F29453 /* RaywenderViewController.swift */ = {isa = PBXFileReference; fileEncoding = 4; lastKnownFileType = sourcecode.swift; path = RaywenderViewController.swift; sourceTree = "<group>"; };
		9C55D8961FFB43CF00F29453 /* RaywenderViewController.xib */ = {isa = PBXFileReference; fileEncoding = 4; lastKnownFileType = file.xib; path = RaywenderViewController.xib; sourceTree = "<group>"; };
		9C55D8A21FFB6DFD00F29453 /* CalculatorViewController.swift */ = {isa = PBXFileReference; fileEncoding = 4; lastKnownFileType = sourcecode.swift; path = CalculatorViewController.swift; sourceTree = "<group>"; };
		9C55D8A31FFB6DFD00F29453 /* CalculatorViewController.xib */ = {isa = PBXFileReference; fileEncoding = 4; lastKnownFileType = file.xib; path = CalculatorViewController.xib; sourceTree = "<group>"; };
		9C55D8A61FFB6E3800F29453 /* ValidateLoginViewController.swift */ = {isa = PBXFileReference; fileEncoding = 4; lastKnownFileType = sourcecode.swift; path = ValidateLoginViewController.swift; sourceTree = "<group>"; };
		9C55D8A71FFB6E3800F29453 /* ValidateLoginViewController.xib */ = {isa = PBXFileReference; fileEncoding = 4; lastKnownFileType = file.xib; path = ValidateLoginViewController.xib; sourceTree = "<group>"; };
		9C55D8AA1FFB6EEB00F29453 /* SearchViewController.swift */ = {isa = PBXFileReference; fileEncoding = 4; lastKnownFileType = sourcecode.swift; path = SearchViewController.swift; sourceTree = "<group>"; };
		9C55D8AB1FFB6EEB00F29453 /* SearchViewController.xib */ = {isa = PBXFileReference; fileEncoding = 4; lastKnownFileType = file.xib; path = SearchViewController.xib; sourceTree = "<group>"; };
		9C55D8AE1FFB6F1E00F29453 /* GalleryImageViewController.swift */ = {isa = PBXFileReference; fileEncoding = 4; lastKnownFileType = sourcecode.swift; path = GalleryImageViewController.swift; sourceTree = "<group>"; };
		9C55D8AF1FFB6F1E00F29453 /* GalleryImageViewController.xib */ = {isa = PBXFileReference; fileEncoding = 4; lastKnownFileType = file.xib; path = GalleryImageViewController.xib; sourceTree = "<group>"; };
		9C55D8B21FFB6F4F00F29453 /* MultipleCellViewController.swift */ = {isa = PBXFileReference; fileEncoding = 4; lastKnownFileType = sourcecode.swift; path = MultipleCellViewController.swift; sourceTree = "<group>"; };
		9C55D8B31FFB6F4F00F29453 /* MultipleCellViewController.xib */ = {isa = PBXFileReference; fileEncoding = 4; lastKnownFileType = file.xib; path = MultipleCellViewController.xib; sourceTree = "<group>"; };
		9C55D8B61FFB6F9200F29453 /* CustomObservableViewController.swift */ = {isa = PBXFileReference; fileEncoding = 4; lastKnownFileType = sourcecode.swift; path = CustomObservableViewController.swift; sourceTree = "<group>"; };
		9C55D8B71FFB6F9200F29453 /* CustomObservableViewController.xib */ = {isa = PBXFileReference; fileEncoding = 4; lastKnownFileType = file.xib; path = CustomObservableViewController.xib; sourceTree = "<group>"; };
		9C55D8BA1FFB6FCD00F29453 /* FetchingDataViewController.swift */ = {isa = PBXFileReference; fileEncoding = 4; lastKnownFileType = sourcecode.swift; path = FetchingDataViewController.swift; sourceTree = "<group>"; };
		9C55D8BB1FFB6FCD00F29453 /* FetchingDataViewController.xib */ = {isa = PBXFileReference; fileEncoding = 4; lastKnownFileType = file.xib; path = FetchingDataViewController.xib; sourceTree = "<group>"; };
		9C55D8BE1FFB6FF900F29453 /* MVVMViewController.swift */ = {isa = PBXFileReference; fileEncoding = 4; lastKnownFileType = sourcecode.swift; path = MVVMViewController.swift; sourceTree = "<group>"; };
		9C55D8BF1FFB6FF900F29453 /* MVVMViewController.xib */ = {isa = PBXFileReference; fileEncoding = 4; lastKnownFileType = file.xib; path = MVVMViewController.xib; sourceTree = "<group>"; };
		9C5B4D8220035FAC00C0514C /* RepoListViewController.swift */ = {isa = PBXFileReference; lastKnownFileType = sourcecode.swift; path = RepoListViewController.swift; sourceTree = "<group>"; };
		9C5B4D8320035FAC00C0514C /* RepoListViewController.xib */ = {isa = PBXFileReference; lastKnownFileType = file.xib; path = RepoListViewController.xib; sourceTree = "<group>"; };
		9C5B4D872003608A00C0514C /* Repo.swift */ = {isa = PBXFileReference; lastKnownFileType = sourcecode.swift; path = Repo.swift; sourceTree = "<group>"; };
		9C5B4D892003609700C0514C /* Event.swift */ = {isa = PBXFileReference; lastKnownFileType = sourcecode.swift; path = Event.swift; sourceTree = "<group>"; };
		9C5F9F892004C7540095D64A /* Navigator.swift */ = {isa = PBXFileReference; lastKnownFileType = sourcecode.swift; path = Navigator.swift; sourceTree = "<group>"; };
		9C5F9F8B2004C8020095D64A /* SwinjectStoryboard.swift */ = {isa = PBXFileReference; lastKnownFileType = sourcecode.swift; path = SwinjectStoryboard.swift; sourceTree = "<group>"; };
		9C5F9F8D2004C82C0095D64A /* TableView+.swift */ = {isa = PBXFileReference; lastKnownFileType = sourcecode.swift; path = "TableView+.swift"; sourceTree = "<group>"; };
		9C5F9F8F2004C8400095D64A /* Storyboard+.swift */ = {isa = PBXFileReference; lastKnownFileType = sourcecode.swift; path = "Storyboard+.swift"; sourceTree = "<group>"; };
		9C6AA3F72016DCE9002F681A /* PhotoWriter.swift */ = {isa = PBXFileReference; lastKnownFileType = sourcecode.swift; path = PhotoWriter.swift; sourceTree = "<group>"; };
		9C727A622011A09C006CFB25 /* ClosuresGenericsPOPViewController.swift */ = {isa = PBXFileReference; lastKnownFileType = sourcecode.swift; path = ClosuresGenericsPOPViewController.swift; sourceTree = "<group>"; };
		9C727A632011A09C006CFB25 /* ClosuresGenericsPOPViewController.xib */ = {isa = PBXFileReference; lastKnownFileType = file.xib; path = ClosuresGenericsPOPViewController.xib; sourceTree = "<group>"; };
		9C727A6A2011A34E006CFB25 /* MoVieCell.swift */ = {isa = PBXFileReference; lastKnownFileType = sourcecode.swift; path = MoVieCell.swift; sourceTree = "<group>"; };
		9C727A6E2011A4EE006CFB25 /* Movie.swift */ = {isa = PBXFileReference; lastKnownFileType = sourcecode.swift; path = Movie.swift; sourceTree = "<group>"; };
		9C727A702011CC4E006CFB25 /* MovieViewModel.swift */ = {isa = PBXFileReference; lastKnownFileType = sourcecode.swift; path = MovieViewModel.swift; sourceTree = "<group>"; };
		9C727A732011DAB9006CFB25 /* JSONDownloader.swift */ = {isa = PBXFileReference; lastKnownFileType = sourcecode.swift; path = JSONDownloader.swift; sourceTree = "<group>"; };
		9C727A752011F65F006CFB25 /* MovieService.swift */ = {isa = PBXFileReference; lastKnownFileType = sourcecode.swift; path = MovieService.swift; sourceTree = "<group>"; };
		9C7D108B200D9F62003D4A62 /* test.playground */ = {isa = PBXFileReference; lastKnownFileType = file.playground; path = test.playground; sourceTree = "<group>"; xcLanguageSpecificationIdentifier = xcode.lang.swift; };
		9C8D136C2007090400C1BE5E /* DesignPatternViewController.swift */ = {isa = PBXFileReference; lastKnownFileType = sourcecode.swift; path = DesignPatternViewController.swift; sourceTree = "<group>"; };
		9C8D136D2007090400C1BE5E /* DesignPatternViewController.xib */ = {isa = PBXFileReference; lastKnownFileType = file.xib; path = DesignPatternViewController.xib; sourceTree = "<group>"; };
		9C8D1370200709D800C1BE5E /* Album.swift */ = {isa = PBXFileReference; lastKnownFileType = sourcecode.swift; path = Album.swift; sourceTree = "<group>"; };
		9C8D137220070A0500C1BE5E /* AlbumView.swift */ = {isa = PBXFileReference; lastKnownFileType = sourcecode.swift; path = AlbumView.swift; sourceTree = "<group>"; };
		9C8D137520070CDA00C1BE5E /* HTTPClient.swift */ = {isa = PBXFileReference; lastKnownFileType = sourcecode.swift; path = HTTPClient.swift; sourceTree = "<group>"; };
		9C8D137E2007120D00C1BE5E /* LibraryAPI.swift */ = {isa = PBXFileReference; lastKnownFileType = sourcecode.swift; path = LibraryAPI.swift; sourceTree = "<group>"; };
		9C8D13802007129B00C1BE5E /* PersistencyManager.swift */ = {isa = PBXFileReference; lastKnownFileType = sourcecode.swift; path = PersistencyManager.swift; sourceTree = "<group>"; };
		9C9374E52008B121008D2FC9 /* albums.json */ = {isa = PBXFileReference; lastKnownFileType = text.json; path = albums.json; sourceTree = "<group>"; };
		9CA4C3B6200761CF0063DD99 /* HorizontalScrollerView.swift */ = {isa = PBXFileReference; lastKnownFileType = sourcecode.swift; path = HorizontalScrollerView.swift; sourceTree = "<group>"; };
		9CBA95F1200C8A1A00ABA54D /* TodayExtension.appex */ = {isa = PBXFileReference; explicitFileType = "wrapper.app-extension"; includeInIndex = 0; path = TodayExtension.appex; sourceTree = BUILT_PRODUCTS_DIR; };
		9CBA95F2200C8A1A00ABA54D /* NotificationCenter.framework */ = {isa = PBXFileReference; lastKnownFileType = wrapper.framework; name = NotificationCenter.framework; path = System/Library/Frameworks/NotificationCenter.framework; sourceTree = SDKROOT; };
		9CBA95F5200C8A1A00ABA54D /* TodayViewController.swift */ = {isa = PBXFileReference; lastKnownFileType = sourcecode.swift; path = TodayViewController.swift; sourceTree = "<group>"; };
		9CBA95F8200C8A1A00ABA54D /* Base */ = {isa = PBXFileReference; lastKnownFileType = file.storyboard; name = Base; path = Base.lproj/MainInterface.storyboard; sourceTree = "<group>"; };
		9CBA95FA200C8A1A00ABA54D /* Info.plist */ = {isa = PBXFileReference; lastKnownFileType = text.plist.xml; path = Info.plist; sourceTree = "<group>"; };
		9CBA9602200C92CE00ABA54D /* SimpleProjectRX.entitlements */ = {isa = PBXFileReference; lastKnownFileType = text.plist.entitlements; path = SimpleProjectRX.entitlements; sourceTree = "<group>"; };
		9CBE4B182005CD7E00C1FFB6 /* APIProvider.swift */ = {isa = PBXFileReference; lastKnownFileType = sourcecode.swift; path = APIProvider.swift; sourceTree = "<group>"; };
		9CBE4B1B2005CDA900C1FFB6 /* BaseService.swift */ = {isa = PBXFileReference; lastKnownFileType = sourcecode.swift; path = BaseService.swift; sourceTree = "<group>"; };
		9CBE4B1D2005CE2D00C1FFB6 /* BookService.swift */ = {isa = PBXFileReference; lastKnownFileType = sourcecode.swift; path = BookService.swift; sourceTree = "<group>"; };
		9CBE4B202006112D00C1FFB6 /* RepositoryDesignPatternViewController.swift */ = {isa = PBXFileReference; lastKnownFileType = sourcecode.swift; path = RepositoryDesignPatternViewController.swift; sourceTree = "<group>"; };
		9CBE4B212006112D00C1FFB6 /* RepositoryDesignPatternViewController.xib */ = {isa = PBXFileReference; lastKnownFileType = file.xib; path = RepositoryDesignPatternViewController.xib; sourceTree = "<group>"; };
		9CBE4B24200611A800C1FFB6 /* ArticleRepository.swift */ = {isa = PBXFileReference; lastKnownFileType = sourcecode.swift; path = ArticleRepository.swift; sourceTree = "<group>"; };
		9CCE900A1FFE121900B30561 /* VibloViewController.swift */ = {isa = PBXFileReference; lastKnownFileType = sourcecode.swift; path = VibloViewController.swift; sourceTree = "<group>"; };
		9CCE900B1FFE121900B30561 /* VibloViewController.xib */ = {isa = PBXFileReference; lastKnownFileType = file.xib; path = VibloViewController.xib; sourceTree = "<group>"; };
		9CD681431FFB1E080077729C /* SimpleProjectRX.app */ = {isa = PBXFileReference; explicitFileType = wrapper.application; includeInIndex = 0; path = SimpleProjectRX.app; sourceTree = BUILT_PRODUCTS_DIR; };
		9CD681461FFB1E080077729C /* AppDelegate.swift */ = {isa = PBXFileReference; lastKnownFileType = sourcecode.swift; path = AppDelegate.swift; sourceTree = "<group>"; };
		9CD6814E1FFB1E080077729C /* SimpleProjectRX.xcdatamodel */ = {isa = PBXFileReference; lastKnownFileType = wrapper.xcdatamodel; path = SimpleProjectRX.xcdatamodel; sourceTree = "<group>"; };
		9CD681501FFB1E080077729C /* Assets.xcassets */ = {isa = PBXFileReference; lastKnownFileType = folder.assetcatalog; path = Assets.xcassets; sourceTree = "<group>"; };
		9CD681531FFB1E080077729C /* Base */ = {isa = PBXFileReference; lastKnownFileType = file.storyboard; name = Base; path = Base.lproj/LaunchScreen.storyboard; sourceTree = "<group>"; };
		9CD681551FFB1E080077729C /* Info.plist */ = {isa = PBXFileReference; lastKnownFileType = text.plist.xml; path = Info.plist; sourceTree = "<group>"; };
		9CDE9ADB20031D1E001E3FCE /* CircleViewViewController.swift */ = {isa = PBXFileReference; lastKnownFileType = sourcecode.swift; path = CircleViewViewController.swift; sourceTree = "<group>"; };
		9CDE9ADC20031D1E001E3FCE /* CircleViewViewController.xib */ = {isa = PBXFileReference; lastKnownFileType = file.xib; path = CircleViewViewController.xib; sourceTree = "<group>"; };
		9CDE9ADF200322FE001E3FCE /* CircleViewModel.swift */ = {isa = PBXFileReference; lastKnownFileType = sourcecode.swift; path = CircleViewModel.swift; sourceTree = "<group>"; };
		9CE9FEEF200DDDDB006766A3 /* LanguageListMVCViewController.swift */ = {isa = PBXFileReference; lastKnownFileType = sourcecode.swift; path = LanguageListMVCViewController.swift; sourceTree = "<group>"; };
		9CE9FEF0200DDDDB006766A3 /* LanguageListMVCViewController.xib */ = {isa = PBXFileReference; lastKnownFileType = file.xib; path = LanguageListMVCViewController.xib; sourceTree = "<group>"; };
		9CE9FEF7200DE122006766A3 /* RepositoryMedium.swift */ = {isa = PBXFileReference; lastKnownFileType = sourcecode.swift; path = RepositoryMedium.swift; sourceTree = "<group>"; };
		9CE9FEF9200DE1BB006766A3 /* GithubService.swift */ = {isa = PBXFileReference; lastKnownFileType = sourcecode.swift; path = GithubService.swift; sourceTree = "<group>"; };
		9CE9FEFB200DF5A5006766A3 /* RepositoryListViewController.swift */ = {isa = PBXFileReference; lastKnownFileType = sourcecode.swift; path = RepositoryListViewController.swift; sourceTree = "<group>"; };
		9CE9FEFC200DF5A5006766A3 /* RepositoryListViewController.xib */ = {isa = PBXFileReference; lastKnownFileType = file.xib; path = RepositoryListViewController.xib; sourceTree = "<group>"; };
		9CE9FF03200DF64A006766A3 /* DetailViewCell.swift */ = {isa = PBXFileReference; lastKnownFileType = sourcecode.swift; path = DetailViewCell.swift; sourceTree = "<group>"; };
		9CE9FF04200DF64A006766A3 /* DetailViewCell.xib */ = {isa = PBXFileReference; lastKnownFileType = file.xib; path = DetailViewCell.xib; sourceTree = "<group>"; };
		9CFDCFB02015E7E2009875CB /* AlbumViewController.swift */ = {isa = PBXFileReference; lastKnownFileType = sourcecode.swift; path = AlbumViewController.swift; sourceTree = "<group>"; };
		9CFDCFB12015E7E2009875CB /* AlbumViewController.xib */ = {isa = PBXFileReference; lastKnownFileType = file.xib; path = AlbumViewController.xib; sourceTree = "<group>"; };
		9CFE39511FFC7B1C0033B6C3 /* LoginViewModel.swift */ = {isa = PBXFileReference; lastKnownFileType = sourcecode.swift; path = LoginViewModel.swift; sourceTree = "<group>"; };
		B25B0835144814C419636DDF /* Pods-SimpleProjectRX.release.xcconfig */ = {isa = PBXFileReference; includeInIndex = 1; lastKnownFileType = text.xcconfig; name = "Pods-SimpleProjectRX.release.xcconfig"; path = "Pods/Target Support Files/Pods-SimpleProjectRX/Pods-SimpleProjectRX.release.xcconfig"; sourceTree = "<group>"; };
		F1F183623372135E3E0C317A /* Pods-SimpleProjectRX.debug.xcconfig */ = {isa = PBXFileReference; includeInIndex = 1; lastKnownFileType = text.xcconfig; name = "Pods-SimpleProjectRX.debug.xcconfig"; path = "Pods/Target Support Files/Pods-SimpleProjectRX/Pods-SimpleProjectRX.debug.xcconfig"; sourceTree = "<group>"; };
/* End PBXFileReference section */

/* Begin PBXFrameworksBuildPhase section */
		9CBA95EE200C8A1A00ABA54D /* Frameworks */ = {
			isa = PBXFrameworksBuildPhase;
			buildActionMask = 2147483647;
			files = (
				9CBA95F3200C8A1A00ABA54D /* NotificationCenter.framework in Frameworks */,
			);
			runOnlyForDeploymentPostprocessing = 0;
		};
		9CD681401FFB1E080077729C /* Frameworks */ = {
			isa = PBXFrameworksBuildPhase;
			buildActionMask = 2147483647;
			files = (
				81BF9C38E8B32CC671FDDDAA /* Pods_SimpleProjectRX.framework in Frameworks */,
			);
			runOnlyForDeploymentPostprocessing = 0;
		};
/* End PBXFrameworksBuildPhase section */

/* Begin PBXGroup section */
		9C0BD0C61FFF5A7B00335F3A /* PassDataBackUsingProtocol */ = {
			isa = PBXGroup;
			children = (
				9C0BD0C71FFF5A9B00335F3A /* SecondViewController.swift */,
				9C0BD0C81FFF5A9B00335F3A /* SecondViewController.xib */,
				9C0BD0CB1FFF662400335F3A /* OneViewController.swift */,
				9C0BD0CC1FFF662400335F3A /* OneViewController.xib */,
			);
			name = PassDataBackUsingProtocol;
			sourceTree = "<group>";
		};
		9C0EB7992005B24D00721A06 /* Lazy Closures */ = {
			isa = PBXGroup;
			children = (
				9C0EB79A2005B26500721A06 /* LazyClosureViewController.swift */,
				9C0EB79B2005B26500721A06 /* LazyClosureViewController.xib */,
			);
			name = "Lazy Closures";
			sourceTree = "<group>";
		};
		9C0EB79E2005C9A700721A06 /* APIReactiveRxSwiftMoya */ = {
			isa = PBXGroup;
			children = (
				9CBE4B1A2005CD9900C1FFB6 /* Services */,
				9C0EB7A32005C9EE00721A06 /* API */,
				9C0EB79F2005C9B400721A06 /* APIReactiveRxSwiftViewController.swift */,
				9C0EB7A02005C9B400721A06 /* APIReactiveRxSwiftViewController.xib */,
			);
			name = APIReactiveRxSwiftMoya;
			sourceTree = "<group>";
		};
		9C0EB7A32005C9EE00721A06 /* API */ = {
			isa = PBXGroup;
			children = (
				9C0EB7A42005CA0000721A06 /* API.swift */,
				9CBE4B182005CD7E00C1FFB6 /* APIProvider.swift */,
			);
			name = API;
			sourceTree = "<group>";
		};
		9C24BC932004AE6400374517 /* ViewController */ = {
			isa = PBXGroup;
			children = (
				9C24BC942004B0A900374517 /* Cell */,
				9C5B4D8220035FAC00C0514C /* RepoListViewController.swift */,
				9C5B4D8320035FAC00C0514C /* RepoListViewController.xib */,
			);
			name = ViewController;
			sourceTree = "<group>";
		};
		9C24BC942004B0A900374517 /* Cell */ = {
			isa = PBXGroup;
			children = (
				9C24BC952004B0D000374517 /* RepoCell.swift */,
				9C24BC962004B0D000374517 /* RepoCell.xib */,
			);
			name = Cell;
			sourceTree = "<group>";
		};
		9C2511A22008494800A4995D /* Extension */ = {
			isa = PBXGroup;
			children = (
				9C2511A32008496800A4995D /*  NotificationExtension.swift */,
			);
			name = Extension;
			sourceTree = "<group>";
		};
		9C37E6131FFF29E400D9A7E6 /* Detail */ = {
			isa = PBXGroup;
			children = (
				9C37E6141FFF29F500D9A7E6 /* DetailA_ViewController.swift */,
				9C37E6151FFF29F500D9A7E6 /* DetailA_ViewController.xib */,
				9C0BD0C21FFF3AED00335F3A /* DetailB_ViewController.swift */,
				9C0BD0C31FFF3AED00335F3A /* DetailB_ViewController.xib */,
			);
			name = Detail;
			sourceTree = "<group>";
		};
		9C4B0DE71FFF825D007F0817 /* Search */ = {
			isa = PBXGroup;
			children = (
				9C4B0DE81FFF8363007F0817 /* SearchViblo_ViewController.swift */,
				9C4B0DE91FFF8363007F0817 /* SearchViblo_ViewController.xib */,
			);
			name = Search;
			sourceTree = "<group>";
		};
		9C4CEA991FFE08AC004F6E74 /* SwitchEnumsAndTableView */ = {
			isa = PBXGroup;
			children = (
				9C37E6131FFF29E400D9A7E6 /* Detail */,
				9C4CEA9E1FFE0939004F6E74 /* SwitchEnumsAndTableViewController.swift */,
				9C4CEA9F1FFE0939004F6E74 /* SwitchEnumsAndTableViewController.xib */,
			);
			name = SwitchEnumsAndTableView;
			sourceTree = "<group>";
		};
		9C4F69E420047EF900BDE993 /* Services */ = {
			isa = PBXGroup;
			children = (
				9C4F69E520047F0500BDE993 /* API */,
			);
			name = Services;
			sourceTree = "<group>";
		};
		9C4F69E520047F0500BDE993 /* API */ = {
			isa = PBXGroup;
			children = (
				9C4F69F020047FE600BDE993 /* Repo */,
				9C4F69E620047F1C00BDE993 /* APIInputBase.swift */,
				9C4F69E820047F3100BDE993 /* APIOutputBase.swift */,
				9C4F69EA20047F4100BDE993 /* URLs.swift */,
				9C4F69EC20047F5300BDE993 /* ResponseError.swift */,
				9C4F69EE20047F7800BDE993 /* APIService.swift */,
			);
			name = API;
			sourceTree = "<group>";
		};
		9C4F69F020047FE600BDE993 /* Repo */ = {
			isa = PBXGroup;
			children = (
				9C4F69F120047FF200BDE993 /* RepoList.swift */,
				9C4F69F32004801B00BDE993 /* EventList.swift */,
				9C4F69F52004802600BDE993 /* RepoService.swift */,
			);
			name = Repo;
			sourceTree = "<group>";
		};
		9C4F69F720049E3B00BDE993 /* ViewModels */ = {
			isa = PBXGroup;
			children = (
				9C4F69F820049E5E00BDE993 /* RepoListViewModel.swift */,
				9C24BC912004A8D800374517 /* EventListViewModel.swift */,
			);
			name = ViewModels;
			sourceTree = "<group>";
		};
		9C55D8791FFB2A5200F29453 /* Tabbar */ = {
			isa = PBXGroup;
			children = (
				9C55D87A1FFB2AC400F29453 /* TabbarController.swift */,
			);
			name = Tabbar;
			sourceTree = "<group>";
		};
		9C55D87D1FFB2C0B00F29453 /* View */ = {
			isa = PBXGroup;
			children = (
				9C55D88A1FFB435900F29453 /* Raywender */,
				9C55D8891FFB434C00F29453 /* Medium */,
				9C55D8881FFB433E00F29453 /* Viblo */,
				9C55D8871FFB431D00F29453 /* Home */,
			);
			name = View;
			sourceTree = "<group>";
		};
		9C55D8861FFB379C00F29453 /* Resoure */ = {
			isa = PBXGroup;
			children = (
				9CD681461FFB1E080077729C /* AppDelegate.swift */,
				9CD681501FFB1E080077729C /* Assets.xcassets */,
				9CD681521FFB1E080077729C /* LaunchScreen.storyboard */,
				9CD681551FFB1E080077729C /* Info.plist */,
				9CD6814D1FFB1E080077729C /* SimpleProjectRX.xcdatamodeld */,
			);
			name = Resoure;
			sourceTree = "<group>";
		};
		9C55D8871FFB431D00F29453 /* Home */ = {
			isa = PBXGroup;
			children = (
				9C8D13772007100200C1BE5E /* Home */,
				9C55D8A11FFB6DC100F29453 /* MVVM */,
				9C55D8A01FFB6DAC00F29453 /* Fetching Data from the web */,
				9C55D89F1FFB6D9A00F29453 /* Custom Observable */,
				9C55D89E1FFB6D7B00F29453 /* Multiple Cell Custom types */,
				9C55D89D1FFB6D4600F29453 /* Gallery Image */,
				9C55D89C1FFB6D3400F29453 /* Search */,
				9C55D89A1FFB6D1A00F29453 /* Validate Login */,
				9C55D8991FFB6CBC00F29453 /* Calculator */,
			);
			name = Home;
			sourceTree = "<group>";
		};
		9C55D8881FFB433E00F29453 /* Viblo */ = {
			isa = PBXGroup;
			children = (
				9C8D13782007102400C1BE5E /* Viblo */,
				9C727A612011A04F006CFB25 /* ClosuresGenericsPOP */,
				9C0EB79E2005C9A700721A06 /* APIReactiveRxSwiftMoya */,
				9C0EB7992005B24D00721A06 /* Lazy Closures */,
				9C5B4D8120035F5900C0514C /* MVVM */,
				9CDE9ADA20031D00001E3FCE /* Circle View */,
				9C4B0DE71FFF825D007F0817 /* Search */,
				9C0BD0C61FFF5A7B00335F3A /* PassDataBackUsingProtocol */,
			);
			name = Viblo;
			sourceTree = "<group>";
		};
		9C55D8891FFB434C00F29453 /* Medium */ = {
			isa = PBXGroup;
			children = (
				9CE9FEEE200DDD9E006766A3 /* LanguageListMVC */,
				9C8D13792007103500C1BE5E /* Medium */,
				9CBE4B1F2006111000C1FFB6 /* Repository Design Pattern in Swift */,
				9C4CEA991FFE08AC004F6E74 /* SwitchEnumsAndTableView */,
			);
			name = Medium;
			sourceTree = "<group>";
		};
		9C55D88A1FFB435900F29453 /* Raywender */ = {
			isa = PBXGroup;
			children = (
				9C8D137A2007104F00C1BE5E /* Raywender */,
				9C8D136B200708F200C1BE5E /* Design Patterns */,
			);
			name = Raywender;
			sourceTree = "<group>";
		};
		9C55D8991FFB6CBC00F29453 /* Calculator */ = {
			isa = PBXGroup;
			children = (
				9C55D8A21FFB6DFD00F29453 /* CalculatorViewController.swift */,
				9C55D8A31FFB6DFD00F29453 /* CalculatorViewController.xib */,
			);
			name = Calculator;
			sourceTree = "<group>";
		};
		9C55D89A1FFB6D1A00F29453 /* Validate Login */ = {
			isa = PBXGroup;
			children = (
				9C55D8A61FFB6E3800F29453 /* ValidateLoginViewController.swift */,
				9C55D8A71FFB6E3800F29453 /* ValidateLoginViewController.xib */,
				9CFE39511FFC7B1C0033B6C3 /* LoginViewModel.swift */,
			);
			name = "Validate Login";
			sourceTree = "<group>";
		};
		9C55D89C1FFB6D3400F29453 /* Search */ = {
			isa = PBXGroup;
			children = (
				9C55D8AA1FFB6EEB00F29453 /* SearchViewController.swift */,
				9C55D8AB1FFB6EEB00F29453 /* SearchViewController.xib */,
			);
			name = Search;
			sourceTree = "<group>";
		};
		9C55D89D1FFB6D4600F29453 /* Gallery Image */ = {
			isa = PBXGroup;
			children = (
				9C55D8AE1FFB6F1E00F29453 /* GalleryImageViewController.swift */,
				9C55D8AF1FFB6F1E00F29453 /* GalleryImageViewController.xib */,
			);
			name = "Gallery Image";
			sourceTree = "<group>";
		};
		9C55D89E1FFB6D7B00F29453 /* Multiple Cell Custom types */ = {
			isa = PBXGroup;
			children = (
				9C55D8B21FFB6F4F00F29453 /* MultipleCellViewController.swift */,
				9C55D8B31FFB6F4F00F29453 /* MultipleCellViewController.xib */,
			);
			name = "Multiple Cell Custom types";
			sourceTree = "<group>";
		};
		9C55D89F1FFB6D9A00F29453 /* Custom Observable */ = {
			isa = PBXGroup;
			children = (
				9C55D8B61FFB6F9200F29453 /* CustomObservableViewController.swift */,
				9C55D8B71FFB6F9200F29453 /* CustomObservableViewController.xib */,
				9CFDCFB02015E7E2009875CB /* AlbumViewController.swift */,
				9CFDCFB12015E7E2009875CB /* AlbumViewController.xib */,
				9C6AA3F72016DCE9002F681A /* PhotoWriter.swift */,
			);
			name = "Custom Observable";
			sourceTree = "<group>";
		};
		9C55D8A01FFB6DAC00F29453 /* Fetching Data from the web */ = {
			isa = PBXGroup;
			children = (
				9C55D8BA1FFB6FCD00F29453 /* FetchingDataViewController.swift */,
				9C55D8BB1FFB6FCD00F29453 /* FetchingDataViewController.xib */,
			);
			name = "Fetching Data from the web";
			sourceTree = "<group>";
		};
		9C55D8A11FFB6DC100F29453 /* MVVM */ = {
			isa = PBXGroup;
			children = (
				9C55D8BE1FFB6FF900F29453 /* MVVMViewController.swift */,
				9C55D8BF1FFB6FF900F29453 /* MVVMViewController.xib */,
			);
			name = MVVM;
			sourceTree = "<group>";
		};
		9C5B4D8120035F5900C0514C /* MVVM */ = {
			isa = PBXGroup;
			children = (
				9C5F9F882004C7450095D64A /* Resource */,
				9C24BC932004AE6400374517 /* ViewController */,
				9C4F69F720049E3B00BDE993 /* ViewModels */,
				9C4F69E420047EF900BDE993 /* Services */,
				9C5B4D862003607000C0514C /* Models */,
			);
			name = MVVM;
			sourceTree = "<group>";
		};
		9C5B4D862003607000C0514C /* Models */ = {
			isa = PBXGroup;
			children = (
				9C5B4D872003608A00C0514C /* Repo.swift */,
				9C5B4D892003609700C0514C /* Event.swift */,
			);
			name = Models;
			sourceTree = "<group>";
		};
		9C5F9F882004C7450095D64A /* Resource */ = {
			isa = PBXGroup;
			children = (
				9C5F9F892004C7540095D64A /* Navigator.swift */,
				9C5F9F8B2004C8020095D64A /* SwinjectStoryboard.swift */,
				9C5F9F8D2004C82C0095D64A /* TableView+.swift */,
				9C5F9F8F2004C8400095D64A /* Storyboard+.swift */,
			);
			name = Resource;
			sourceTree = "<group>";
		};
		9C727A612011A04F006CFB25 /* ClosuresGenericsPOP */ = {
			isa = PBXGroup;
			children = (
				9C727A722011DAA8006CFB25 /* Services */,
				9C727A692011A2CC006CFB25 /* Views */,
				9C727A682011A2C1006CFB25 /* ModelViews */,
				9C727A672011A2B7006CFB25 /* Models */,
				9C727A662011A2A4006CFB25 /* Controllers */,
				9C727A622011A09C006CFB25 /* ClosuresGenericsPOPViewController.swift */,
				9C727A632011A09C006CFB25 /* ClosuresGenericsPOPViewController.xib */,
			);
			name = ClosuresGenericsPOP;
			sourceTree = "<group>";
		};
		9C727A662011A2A4006CFB25 /* Controllers */ = {
			isa = PBXGroup;
			children = (
			);
			name = Controllers;
			sourceTree = "<group>";
		};
		9C727A672011A2B7006CFB25 /* Models */ = {
			isa = PBXGroup;
			children = (
				9C727A6E2011A4EE006CFB25 /* Movie.swift */,
			);
			name = Models;
			sourceTree = "<group>";
		};
		9C727A682011A2C1006CFB25 /* ModelViews */ = {
			isa = PBXGroup;
			children = (
				9C727A702011CC4E006CFB25 /* MovieViewModel.swift */,
			);
			name = ModelViews;
			sourceTree = "<group>";
		};
		9C727A692011A2CC006CFB25 /* Views */ = {
			isa = PBXGroup;
			children = (
				9C727A6A2011A34E006CFB25 /* MoVieCell.swift */,
			);
			name = Views;
			sourceTree = "<group>";
		};
		9C727A722011DAA8006CFB25 /* Services */ = {
			isa = PBXGroup;
			children = (
				9C727A732011DAB9006CFB25 /* JSONDownloader.swift */,
				9C727A752011F65F006CFB25 /* MovieService.swift */,
			);
			name = Services;
			sourceTree = "<group>";
		};
		9C8D136B200708F200C1BE5E /* Design Patterns */ = {
			isa = PBXGroup;
			children = (
				9C2511A22008494800A4995D /* Extension */,
				9C8D137D200710B900C1BE5E /* Views */,
				9C8D137C2007109900C1BE5E /* Controllers */,
				9C8D137B2007108B00C1BE5E /* Models */,
				9C8D137420070A2A00C1BE5E /* API */,
			);
			name = "Design Patterns";
			sourceTree = "<group>";
		};
		9C8D137420070A2A00C1BE5E /* API */ = {
			isa = PBXGroup;
			children = (
				9C8D137E2007120D00C1BE5E /* LibraryAPI.swift */,
				9C8D137520070CDA00C1BE5E /* HTTPClient.swift */,
				9C8D13802007129B00C1BE5E /* PersistencyManager.swift */,
			);
			name = API;
			sourceTree = "<group>";
		};
		9C8D13772007100200C1BE5E /* Home */ = {
			isa = PBXGroup;
			children = (
				9C55D8821FFB2C9400F29453 /* HomeViewController.swift */,
				9C55D8831FFB2C9400F29453 /* HomeViewController.xib */,
			);
			name = Home;
			sourceTree = "<group>";
		};
		9C8D13782007102400C1BE5E /* Viblo */ = {
			isa = PBXGroup;
			children = (
				9CCE900A1FFE121900B30561 /* VibloViewController.swift */,
				9CCE900B1FFE121900B30561 /* VibloViewController.xib */,
			);
			name = Viblo;
			sourceTree = "<group>";
		};
		9C8D13792007103500C1BE5E /* Medium */ = {
			isa = PBXGroup;
			children = (
				9C55D8911FFB43C200F29453 /* MediumViewController.swift */,
				9C55D8921FFB43C200F29453 /* MediumViewController.xib */,
			);
			name = Medium;
			sourceTree = "<group>";
		};
		9C8D137A2007104F00C1BE5E /* Raywender */ = {
			isa = PBXGroup;
			children = (
				9C55D8951FFB43CF00F29453 /* RaywenderViewController.swift */,
				9C55D8961FFB43CF00F29453 /* RaywenderViewController.xib */,
			);
			name = Raywender;
			sourceTree = "<group>";
		};
		9C8D137B2007108B00C1BE5E /* Models */ = {
			isa = PBXGroup;
			children = (
				9C8D1370200709D800C1BE5E /* Album.swift */,
				9C9374E52008B121008D2FC9 /* albums.json */,
			);
			name = Models;
			sourceTree = "<group>";
		};
		9C8D137C2007109900C1BE5E /* Controllers */ = {
			isa = PBXGroup;
			children = (
				9C8D136C2007090400C1BE5E /* DesignPatternViewController.swift */,
				9C8D136D2007090400C1BE5E /* DesignPatternViewController.xib */,
			);
			name = Controllers;
			sourceTree = "<group>";
		};
		9C8D137D200710B900C1BE5E /* Views */ = {
			isa = PBXGroup;
			children = (
				9C8D137220070A0500C1BE5E /* AlbumView.swift */,
				9CA4C3B6200761CF0063DD99 /* HorizontalScrollerView.swift */,
			);
			name = Views;
			sourceTree = "<group>";
		};
		9CBA95F4200C8A1A00ABA54D /* TodayExtension */ = {
			isa = PBXGroup;
			children = (
				9CBA95F5200C8A1A00ABA54D /* TodayViewController.swift */,
				9CBA95F7200C8A1A00ABA54D /* MainInterface.storyboard */,
				9CBA95FA200C8A1A00ABA54D /* Info.plist */,
			);
			path = TodayExtension;
			sourceTree = "<group>";
		};
		9CBE4B1A2005CD9900C1FFB6 /* Services */ = {
			isa = PBXGroup;
			children = (
				9CBE4B1B2005CDA900C1FFB6 /* BaseService.swift */,
				9CBE4B1D2005CE2D00C1FFB6 /* BookService.swift */,
			);
			name = Services;
			sourceTree = "<group>";
		};
		9CBE4B1F2006111000C1FFB6 /* Repository Design Pattern in Swift */ = {
			isa = PBXGroup;
			children = (
				9CBE4B202006112D00C1FFB6 /* RepositoryDesignPatternViewController.swift */,
				9CBE4B212006112D00C1FFB6 /* RepositoryDesignPatternViewController.xib */,
				9CBE4B24200611A800C1FFB6 /* ArticleRepository.swift */,
			);
			name = "Repository Design Pattern in Swift";
			sourceTree = "<group>";
		};
		9CD6813A1FFB1E080077729C = {
			isa = PBXGroup;
			children = (
				9C7D108B200D9F62003D4A62 /* test.playground */,
				9CD681451FFB1E080077729C /* SimpleProjectRX */,
				9CBA95F4200C8A1A00ABA54D /* TodayExtension */,
				9CD681441FFB1E080077729C /* Products */,
				FDE5D97CF3DC9B6F7904A027 /* Pods */,
				B3BB9E409BD5E636252B7D88 /* Frameworks */,
			);
			sourceTree = "<group>";
		};
		9CD681441FFB1E080077729C /* Products */ = {
			isa = PBXGroup;
			children = (
				9CD681431FFB1E080077729C /* SimpleProjectRX.app */,
				9CBA95F1200C8A1A00ABA54D /* TodayExtension.appex */,
			);
			name = Products;
			sourceTree = "<group>";
		};
		9CD681451FFB1E080077729C /* SimpleProjectRX */ = {
			isa = PBXGroup;
			children = (
				9CBA9602200C92CE00ABA54D /* SimpleProjectRX.entitlements */,
				9C55D8861FFB379C00F29453 /* Resoure */,
				9C55D87D1FFB2C0B00F29453 /* View */,
				9C55D8791FFB2A5200F29453 /* Tabbar */,
			);
			path = SimpleProjectRX;
			sourceTree = "<group>";
		};
		9CDE9ADA20031D00001E3FCE /* Circle View */ = {
			isa = PBXGroup;
			children = (
				9CDE9ADB20031D1E001E3FCE /* CircleViewViewController.swift */,
				9CDE9ADC20031D1E001E3FCE /* CircleViewViewController.xib */,
				9CDE9ADF200322FE001E3FCE /* CircleViewModel.swift */,
			);
			name = "Circle View";
			sourceTree = "<group>";
		};
		9CE9FEEE200DDD9E006766A3 /* LanguageListMVC */ = {
			isa = PBXGroup;
			children = (
				9CE9FEF6200DE0D8006766A3 /* Views */,
				9CE9FEF5200DE0A7006766A3 /* Controllers */,
				9CE9FEF4200DE07D006766A3 /* NetWorking */,
				9CE9FEF3200DE071006766A3 /* Models */,
			);
			name = LanguageListMVC;
			sourceTree = "<group>";
		};
		9CE9FEF3200DE071006766A3 /* Models */ = {
			isa = PBXGroup;
			children = (
				9CE9FEF7200DE122006766A3 /* RepositoryMedium.swift */,
			);
			name = Models;
			sourceTree = "<group>";
		};
		9CE9FEF4200DE07D006766A3 /* NetWorking */ = {
			isa = PBXGroup;
			children = (
				9CE9FEF9200DE1BB006766A3 /* GithubService.swift */,
			);
			name = NetWorking;
			sourceTree = "<group>";
		};
		9CE9FEF5200DE0A7006766A3 /* Controllers */ = {
			isa = PBXGroup;
			children = (
				9CE9FEEF200DDDDB006766A3 /* LanguageListMVCViewController.swift */,
				9CE9FEF0200DDDDB006766A3 /* LanguageListMVCViewController.xib */,
				9CE9FEFB200DF5A5006766A3 /* RepositoryListViewController.swift */,
				9CE9FEFC200DF5A5006766A3 /* RepositoryListViewController.xib */,
			);
			name = Controllers;
			sourceTree = "<group>";
		};
		9CE9FEF6200DE0D8006766A3 /* Views */ = {
			isa = PBXGroup;
			children = (
				9CE9FF03200DF64A006766A3 /* DetailViewCell.swift */,
				9CE9FF04200DF64A006766A3 /* DetailViewCell.xib */,
			);
			name = Views;
			sourceTree = "<group>";
		};
		B3BB9E409BD5E636252B7D88 /* Frameworks */ = {
			isa = PBXGroup;
			children = (
				79F3F7A24FAE677405EFE0BA /* Pods_SimpleProjectRX.framework */,
				9CBA95F2200C8A1A00ABA54D /* NotificationCenter.framework */,
			);
			name = Frameworks;
			sourceTree = "<group>";
		};
		FDE5D97CF3DC9B6F7904A027 /* Pods */ = {
			isa = PBXGroup;
			children = (
				F1F183623372135E3E0C317A /* Pods-SimpleProjectRX.debug.xcconfig */,
				B25B0835144814C419636DDF /* Pods-SimpleProjectRX.release.xcconfig */,
			);
			name = Pods;
			sourceTree = "<group>";
		};
/* End PBXGroup section */

/* Begin PBXNativeTarget section */
		9CBA95F0200C8A1A00ABA54D /* TodayExtension */ = {
			isa = PBXNativeTarget;
			buildConfigurationList = 9CBA9600200C8A1A00ABA54D /* Build configuration list for PBXNativeTarget "TodayExtension" */;
			buildPhases = (
				9CBA95ED200C8A1A00ABA54D /* Sources */,
				9CBA95EE200C8A1A00ABA54D /* Frameworks */,
				9CBA95EF200C8A1A00ABA54D /* Resources */,
			);
			buildRules = (
			);
			dependencies = (
			);
			name = TodayExtension;
			productName = TodayExtension;
			productReference = 9CBA95F1200C8A1A00ABA54D /* TodayExtension.appex */;
			productType = "com.apple.product-type.app-extension";
		};
		9CD681421FFB1E080077729C /* SimpleProjectRX */ = {
			isa = PBXNativeTarget;
			buildConfigurationList = 9CD681581FFB1E080077729C /* Build configuration list for PBXNativeTarget "SimpleProjectRX" */;
			buildPhases = (
				AA61829ABD47DBCF639853FC /* [CP] Check Pods Manifest.lock */,
				9CD6813F1FFB1E080077729C /* Sources */,
				9CD681401FFB1E080077729C /* Frameworks */,
				9CD681411FFB1E080077729C /* Resources */,
				270B44D82C480EBA5D1F39A7 /* [CP] Embed Pods Frameworks */,
				2908D7B5028678C32E7B6B72 /* [CP] Copy Pods Resources */,
				9CBA9601200C8A1A00ABA54D /* Embed App Extensions */,
			);
			buildRules = (
			);
			dependencies = (
				9CBA95FC200C8A1A00ABA54D /* PBXTargetDependency */,
			);
			name = SimpleProjectRX;
			productName = SimpleProjectRX;
			productReference = 9CD681431FFB1E080077729C /* SimpleProjectRX.app */;
			productType = "com.apple.product-type.application";
		};
/* End PBXNativeTarget section */

/* Begin PBXProject section */
		9CD6813B1FFB1E080077729C /* Project object */ = {
			isa = PBXProject;
			attributes = {
				LastSwiftUpdateCheck = 0900;
				LastUpgradeCheck = 0830;
				ORGANIZATIONNAME = "Hai Vo L.";
				TargetAttributes = {
					9CBA95F0200C8A1A00ABA54D = {
						CreatedOnToolsVersion = 9.0;
						DevelopmentTeam = 68855R4HVL;
						ProvisioningStyle = Automatic;
					};
					9CD681421FFB1E080077729C = {
						CreatedOnToolsVersion = 8.3;
						DevelopmentTeam = 68855R4HVL;
						ProvisioningStyle = Automatic;
						SystemCapabilities = {
							com.apple.Keychain = {
								enabled = 1;
							};
						};
					};
				};
			};
			buildConfigurationList = 9CD6813E1FFB1E080077729C /* Build configuration list for PBXProject "SimpleProjectRX" */;
			compatibilityVersion = "Xcode 3.2";
			developmentRegion = English;
			hasScannedForEncodings = 0;
			knownRegions = (
				en,
				Base,
			);
			mainGroup = 9CD6813A1FFB1E080077729C;
			productRefGroup = 9CD681441FFB1E080077729C /* Products */;
			projectDirPath = "";
			projectRoot = "";
			targets = (
				9CD681421FFB1E080077729C /* SimpleProjectRX */,
				9CBA95F0200C8A1A00ABA54D /* TodayExtension */,
			);
		};
/* End PBXProject section */

/* Begin PBXResourcesBuildPhase section */
		9CBA95EF200C8A1A00ABA54D /* Resources */ = {
			isa = PBXResourcesBuildPhase;
			buildActionMask = 2147483647;
			files = (
				9CBA95F9200C8A1A00ABA54D /* MainInterface.storyboard in Resources */,
			);
			runOnlyForDeploymentPostprocessing = 0;
		};
		9CD681411FFB1E080077729C /* Resources */ = {
			isa = PBXResourcesBuildPhase;
			buildActionMask = 2147483647;
			files = (
				9C55D8C11FFB6FF900F29453 /* MVVMViewController.xib in Resources */,
				9C727A652011A09C006CFB25 /* ClosuresGenericsPOPViewController.xib in Resources */,
				9CBE4B232006112D00C1FFB6 /* RepositoryDesignPatternViewController.xib in Resources */,
				9C4CEAA11FFE0939004F6E74 /* SwitchEnumsAndTableViewController.xib in Resources */,
				9CE9FF06200DF64A006766A3 /* DetailViewCell.xib in Resources */,
				9CD681541FFB1E080077729C /* LaunchScreen.storyboard in Resources */,
				9C55D8BD1FFB6FCD00F29453 /* FetchingDataViewController.xib in Resources */,
				9C24BC982004B0D000374517 /* RepoCell.xib in Resources */,
				9C55D8B51FFB6F4F00F29453 /* MultipleCellViewController.xib in Resources */,
				9C8D136F2007090400C1BE5E /* DesignPatternViewController.xib in Resources */,
				9CDE9ADE20031D1E001E3FCE /* CircleViewViewController.xib in Resources */,
				9CD681511FFB1E080077729C /* Assets.xcassets in Resources */,
				9C55D8A91FFB6E3800F29453 /* ValidateLoginViewController.xib in Resources */,
				9CE9FEFE200DF5A5006766A3 /* RepositoryListViewController.xib in Resources */,
				9C55D8981FFB43CF00F29453 /* RaywenderViewController.xib in Resources */,
				9C55D8B91FFB6F9200F29453 /* CustomObservableViewController.xib in Resources */,
				9C55D8AD1FFB6EEB00F29453 /* SearchViewController.xib in Resources */,
				9C55D8941FFB43C200F29453 /* MediumViewController.xib in Resources */,
				9C0EB7A22005C9B400721A06 /* APIReactiveRxSwiftViewController.xib in Resources */,
				9C37E6171FFF29F500D9A7E6 /* DetailA_ViewController.xib in Resources */,
				9C55D8B11FFB6F1E00F29453 /* GalleryImageViewController.xib in Resources */,
				9C55D8851FFB2C9400F29453 /* HomeViewController.xib in Resources */,
				9CCE900D1FFE121900B30561 /* VibloViewController.xib in Resources */,
				9C4B0DEB1FFF8363007F0817 /* SearchViblo_ViewController.xib in Resources */,
				9CFDCFB32015E7E3009875CB /* AlbumViewController.xib in Resources */,
				9CE9FEF2200DDDDB006766A3 /* LanguageListMVCViewController.xib in Resources */,
				9C0EB79D2005B26500721A06 /* LazyClosureViewController.xib in Resources */,
				9C0BD0C51FFF3AED00335F3A /* DetailB_ViewController.xib in Resources */,
				9C0BD0CE1FFF662400335F3A /* OneViewController.xib in Resources */,
				9C55D8A51FFB6DFD00F29453 /* CalculatorViewController.xib in Resources */,
				9C0BD0CA1FFF5A9B00335F3A /* SecondViewController.xib in Resources */,
				9C5B4D8520035FAC00C0514C /* RepoListViewController.xib in Resources */,
			);
			runOnlyForDeploymentPostprocessing = 0;
		};
/* End PBXResourcesBuildPhase section */

/* Begin PBXShellScriptBuildPhase section */
		270B44D82C480EBA5D1F39A7 /* [CP] Embed Pods Frameworks */ = {
			isa = PBXShellScriptBuildPhase;
			buildActionMask = 2147483647;
			files = (
			);
			inputPaths = (
				"${SRCROOT}/Pods/Target Support Files/Pods-SimpleProjectRX/Pods-SimpleProjectRX-frameworks.sh",
				"${BUILT_PRODUCTS_DIR}/Action/Action.framework",
				"${BUILT_PRODUCTS_DIR}/Alamofire/Alamofire.framework",
				"${BUILT_PRODUCTS_DIR}/ChameleonFramework/ChameleonFramework.framework",
				"${BUILT_PRODUCTS_DIR}/Kingfisher/Kingfisher.framework",
				"${BUILT_PRODUCTS_DIR}/MVVM-Swift/MVVM.framework",
				"${BUILT_PRODUCTS_DIR}/Moya/Moya.framework",
				"${BUILT_PRODUCTS_DIR}/ObjectMapper/ObjectMapper.framework",
				"${BUILT_PRODUCTS_DIR}/Realm/Realm.framework",
				"${BUILT_PRODUCTS_DIR}/RealmSwift/RealmSwift.framework",
				"${BUILT_PRODUCTS_DIR}/Result/Result.framework",
				"${BUILT_PRODUCTS_DIR}/RxAlamofire/RxAlamofire.framework",
				"${BUILT_PRODUCTS_DIR}/RxCocoa/RxCocoa.framework",
				"${BUILT_PRODUCTS_DIR}/RxMapKit/RxMapKit.framework",
				"${BUILT_PRODUCTS_DIR}/RxSwift/RxSwift.framework",
				"${BUILT_PRODUCTS_DIR}/SAMKeychain/SAMKeychain.framework",
				"${BUILT_PRODUCTS_DIR}/SVProgressHUD/SVProgressHUD.framework",
				"${BUILT_PRODUCTS_DIR}/Swinject/Swinject.framework",
				"${BUILT_PRODUCTS_DIR}/SwinjectStoryboard/SwinjectStoryboard.framework",
			);
			name = "[CP] Embed Pods Frameworks";
			outputPaths = (
				"${TARGET_BUILD_DIR}/${FRAMEWORKS_FOLDER_PATH}/Action.framework",
				"${TARGET_BUILD_DIR}/${FRAMEWORKS_FOLDER_PATH}/Alamofire.framework",
				"${TARGET_BUILD_DIR}/${FRAMEWORKS_FOLDER_PATH}/ChameleonFramework.framework",
				"${TARGET_BUILD_DIR}/${FRAMEWORKS_FOLDER_PATH}/Kingfisher.framework",
				"${TARGET_BUILD_DIR}/${FRAMEWORKS_FOLDER_PATH}/MVVM.framework",
				"${TARGET_BUILD_DIR}/${FRAMEWORKS_FOLDER_PATH}/Moya.framework",
				"${TARGET_BUILD_DIR}/${FRAMEWORKS_FOLDER_PATH}/ObjectMapper.framework",
				"${TARGET_BUILD_DIR}/${FRAMEWORKS_FOLDER_PATH}/Realm.framework",
				"${TARGET_BUILD_DIR}/${FRAMEWORKS_FOLDER_PATH}/RealmSwift.framework",
				"${TARGET_BUILD_DIR}/${FRAMEWORKS_FOLDER_PATH}/Result.framework",
				"${TARGET_BUILD_DIR}/${FRAMEWORKS_FOLDER_PATH}/RxAlamofire.framework",
				"${TARGET_BUILD_DIR}/${FRAMEWORKS_FOLDER_PATH}/RxCocoa.framework",
				"${TARGET_BUILD_DIR}/${FRAMEWORKS_FOLDER_PATH}/RxMapKit.framework",
				"${TARGET_BUILD_DIR}/${FRAMEWORKS_FOLDER_PATH}/RxSwift.framework",
				"${TARGET_BUILD_DIR}/${FRAMEWORKS_FOLDER_PATH}/SAMKeychain.framework",
				"${TARGET_BUILD_DIR}/${FRAMEWORKS_FOLDER_PATH}/SVProgressHUD.framework",
				"${TARGET_BUILD_DIR}/${FRAMEWORKS_FOLDER_PATH}/Swinject.framework",
				"${TARGET_BUILD_DIR}/${FRAMEWORKS_FOLDER_PATH}/SwinjectStoryboard.framework",
			);
			runOnlyForDeploymentPostprocessing = 0;
			shellPath = /bin/sh;
			shellScript = "\"${SRCROOT}/Pods/Target Support Files/Pods-SimpleProjectRX/Pods-SimpleProjectRX-frameworks.sh\"\n";
			showEnvVarsInLog = 0;
		};
		2908D7B5028678C32E7B6B72 /* [CP] Copy Pods Resources */ = {
			isa = PBXShellScriptBuildPhase;
			buildActionMask = 2147483647;
			files = (
			);
			inputPaths = (
			);
			name = "[CP] Copy Pods Resources";
			outputPaths = (
			);
			runOnlyForDeploymentPostprocessing = 0;
			shellPath = /bin/sh;
			shellScript = "\"${SRCROOT}/Pods/Target Support Files/Pods-SimpleProjectRX/Pods-SimpleProjectRX-resources.sh\"\n";
			showEnvVarsInLog = 0;
		};
		AA61829ABD47DBCF639853FC /* [CP] Check Pods Manifest.lock */ = {
			isa = PBXShellScriptBuildPhase;
			buildActionMask = 2147483647;
			files = (
			);
			inputPaths = (
				"${PODS_PODFILE_DIR_PATH}/Podfile.lock",
				"${PODS_ROOT}/Manifest.lock",
			);
			name = "[CP] Check Pods Manifest.lock";
			outputPaths = (
				"$(DERIVED_FILE_DIR)/Pods-SimpleProjectRX-checkManifestLockResult.txt",
			);
			runOnlyForDeploymentPostprocessing = 0;
			shellPath = /bin/sh;
			shellScript = "diff \"${PODS_PODFILE_DIR_PATH}/Podfile.lock\" \"${PODS_ROOT}/Manifest.lock\" > /dev/null\nif [ $? != 0 ] ; then\n    # print error to STDERR\n    echo \"error: The sandbox is not in sync with the Podfile.lock. Run 'pod install' or update your CocoaPods installation.\" >&2\n    exit 1\nfi\n# This output is used by Xcode 'outputs' to avoid re-running this script phase.\necho \"SUCCESS\" > \"${SCRIPT_OUTPUT_FILE_0}\"\n";
			showEnvVarsInLog = 0;
		};
/* End PBXShellScriptBuildPhase section */

/* Begin PBXSourcesBuildPhase section */
		9CBA95ED200C8A1A00ABA54D /* Sources */ = {
			isa = PBXSourcesBuildPhase;
			buildActionMask = 2147483647;
			files = (
				9CBA95F6200C8A1A00ABA54D /* TodayViewController.swift in Sources */,
			);
			runOnlyForDeploymentPostprocessing = 0;
		};
		9CD6813F1FFB1E080077729C /* Sources */ = {
			isa = PBXSourcesBuildPhase;
			buildActionMask = 2147483647;
			files = (
				9C4F69ED20047F5300BDE993 /* ResponseError.swift in Sources */,
				9C55D8B81FFB6F9200F29453 /* CustomObservableViewController.swift in Sources */,
				9C4F69E920047F3100BDE993 /* APIOutputBase.swift in Sources */,
				9C727A762011F65F006CFB25 /* MovieService.swift in Sources */,
				9C5F9F8C2004C8020095D64A /* SwinjectStoryboard.swift in Sources */,
				9C5B4D882003608A00C0514C /* Repo.swift in Sources */,
				9CFDCFB22015E7E3009875CB /* AlbumViewController.swift in Sources */,
				9C8D136E2007090400C1BE5E /* DesignPatternViewController.swift in Sources */,
				9C55D8B41FFB6F4F00F29453 /* MultipleCellViewController.swift in Sources */,
				9C55D8AC1FFB6EEB00F29453 /* SearchViewController.swift in Sources */,
				9C4CEAA01FFE0939004F6E74 /* SwitchEnumsAndTableViewController.swift in Sources */,
				9CBE4B1E2005CE2D00C1FFB6 /* BookService.swift in Sources */,
				9C0EB7A12005C9B400721A06 /* APIReactiveRxSwiftViewController.swift in Sources */,
				9CBE4B222006112D00C1FFB6 /* RepositoryDesignPatternViewController.swift in Sources */,
				9C55D8B01FFB6F1E00F29453 /* GalleryImageViewController.swift in Sources */,
				9CBE4B1C2005CDA900C1FFB6 /* BaseService.swift in Sources */,
				9C4F69F920049E5E00BDE993 /* RepoListViewModel.swift in Sources */,
				9CBE4B25200611A800C1FFB6 /* ArticleRepository.swift in Sources */,
				9C0BD0C91FFF5A9B00335F3A /* SecondViewController.swift in Sources */,
				9CDE9AE0200322FE001E3FCE /* CircleViewModel.swift in Sources */,
				9CFE39521FFC7B1C0033B6C3 /* LoginViewModel.swift in Sources */,
				9C55D8A81FFB6E3800F29453 /* ValidateLoginViewController.swift in Sources */,
				9C727A712011CC4E006CFB25 /* MovieViewModel.swift in Sources */,
				9C727A6F2011A4EE006CFB25 /* Movie.swift in Sources */,
				9C5B4D8A2003609700C0514C /* Event.swift in Sources */,
				9C55D8931FFB43C200F29453 /* MediumViewController.swift in Sources */,
				9C0EB79C2005B26500721A06 /* LazyClosureViewController.swift in Sources */,
				9C0BD0C41FFF3AED00335F3A /* DetailB_ViewController.swift in Sources */,
				9C55D8971FFB43CF00F29453 /* RaywenderViewController.swift in Sources */,
				9C37E6161FFF29F500D9A7E6 /* DetailA_ViewController.swift in Sources */,
				9C55D8A41FFB6DFD00F29453 /* CalculatorViewController.swift in Sources */,
				9C5F9F902004C8400095D64A /* Storyboard+.swift in Sources */,
				9C5F9F8E2004C82C0095D64A /* TableView+.swift in Sources */,
				9CCE900C1FFE121900B30561 /* VibloViewController.swift in Sources */,
				9C24BC922004A8D800374517 /* EventListViewModel.swift in Sources */,
				9C24BC972004B0D000374517 /* RepoCell.swift in Sources */,
				9C8D137620070CDA00C1BE5E /* HTTPClient.swift in Sources */,
				9C55D8BC1FFB6FCD00F29453 /* FetchingDataViewController.swift in Sources */,
				9C4F69E720047F1C00BDE993 /* APIInputBase.swift in Sources */,
				9CD681471FFB1E080077729C /* AppDelegate.swift in Sources */,
				9C4F69EF20047F7800BDE993 /* APIService.swift in Sources */,
				9C727A6C2011A34E006CFB25 /* MoVieCell.swift in Sources */,
				9C6AA3F82016DCE9002F681A /* PhotoWriter.swift in Sources */,
				9C2511A42008496800A4995D /*  NotificationExtension.swift in Sources */,
				9C55D87B1FFB2AC400F29453 /* TabbarController.swift in Sources */,
				9C4F69F220047FF200BDE993 /* RepoList.swift in Sources */,
				9C55D8C01FFB6FF900F29453 /* MVVMViewController.swift in Sources */,
				9C0EB7A52005CA0000721A06 /* API.swift in Sources */,
				9C5F9F8A2004C7540095D64A /* Navigator.swift in Sources */,
				9C4F69F42004801B00BDE993 /* EventList.swift in Sources */,
				9C4B0DEA1FFF8363007F0817 /* SearchViblo_ViewController.swift in Sources */,
				9C0BD0CD1FFF662400335F3A /* OneViewController.swift in Sources */,
				9C4F69EB20047F4100BDE993 /* URLs.swift in Sources */,
				9CE9FEF8200DE122006766A3 /* RepositoryMedium.swift in Sources */,
				9C727A642011A09C006CFB25 /* ClosuresGenericsPOPViewController.swift in Sources */,
				9CE9FEFA200DE1BB006766A3 /* GithubService.swift in Sources */,
				9C8D137F2007120D00C1BE5E /* LibraryAPI.swift in Sources */,
				9CDE9ADD20031D1E001E3FCE /* CircleViewViewController.swift in Sources */,
				9CE9FF05200DF64A006766A3 /* DetailViewCell.swift in Sources */,
				9C727A742011DAB9006CFB25 /* JSONDownloader.swift in Sources */,
				9C8D137320070A0500C1BE5E /* AlbumView.swift in Sources */,
				9CD6814F1FFB1E080077729C /* SimpleProjectRX.xcdatamodeld in Sources */,
				9CE9FEF1200DDDDB006766A3 /* LanguageListMVCViewController.swift in Sources */,
				9CA4C3B7200761CF0063DD99 /* HorizontalScrollerView.swift in Sources */,
				9C5B4D8420035FAC00C0514C /* RepoListViewController.swift in Sources */,
				9CBE4B192005CD7E00C1FFB6 /* APIProvider.swift in Sources */,
				9C8D1371200709D800C1BE5E /* Album.swift in Sources */,
				9C55D8841FFB2C9400F29453 /* HomeViewController.swift in Sources */,
				9CE9FEFD200DF5A5006766A3 /* RepositoryListViewController.swift in Sources */,
				9C4F69F62004802600BDE993 /* RepoService.swift in Sources */,
				9C8D13812007129B00C1BE5E /* PersistencyManager.swift in Sources */,
			);
			runOnlyForDeploymentPostprocessing = 0;
		};
/* End PBXSourcesBuildPhase section */

/* Begin PBXTargetDependency section */
		9CBA95FC200C8A1A00ABA54D /* PBXTargetDependency */ = {
			isa = PBXTargetDependency;
			target = 9CBA95F0200C8A1A00ABA54D /* TodayExtension */;
			targetProxy = 9CBA95FB200C8A1A00ABA54D /* PBXContainerItemProxy */;
		};
/* End PBXTargetDependency section */

/* Begin PBXVariantGroup section */
		9CBA95F7200C8A1A00ABA54D /* MainInterface.storyboard */ = {
			isa = PBXVariantGroup;
			children = (
				9CBA95F8200C8A1A00ABA54D /* Base */,
			);
			name = MainInterface.storyboard;
			sourceTree = "<group>";
		};
		9CD681521FFB1E080077729C /* LaunchScreen.storyboard */ = {
			isa = PBXVariantGroup;
			children = (
				9CD681531FFB1E080077729C /* Base */,
			);
			name = LaunchScreen.storyboard;
			sourceTree = "<group>";
		};
/* End PBXVariantGroup section */

/* Begin XCBuildConfiguration section */
		9CBA95FE200C8A1A00ABA54D /* Debug */ = {
			isa = XCBuildConfiguration;
			buildSettings = {
				CLANG_CXX_LANGUAGE_STANDARD = "gnu++14";
				CLANG_WARN_BLOCK_CAPTURE_AUTORELEASING = YES;
				CLANG_WARN_COMMA = YES;
				CLANG_WARN_NON_LITERAL_NULL_CONVERSION = YES;
				CLANG_WARN_OBJC_LITERAL_CONVERSION = YES;
				CLANG_WARN_RANGE_LOOP_ANALYSIS = YES;
				CLANG_WARN_STRICT_PROTOTYPES = YES;
				CLANG_WARN_UNGUARDED_AVAILABILITY = YES_AGGRESSIVE;
				CODE_SIGN_IDENTITY = "iPhone Developer";
				CODE_SIGN_STYLE = Automatic;
				DEVELOPMENT_TEAM = 68855R4HVL;
				GCC_C_LANGUAGE_STANDARD = gnu11;
				INFOPLIST_FILE = TodayExtension/Info.plist;
				IPHONEOS_DEPLOYMENT_TARGET = 11.0;
				LD_RUNPATH_SEARCH_PATHS = "$(inherited) @executable_path/Frameworks @executable_path/../../Frameworks";
				PRODUCT_BUNDLE_IDENTIFIER = vn.asiantech.dev.SimpleProjectRX.TodayExtension;
				PRODUCT_NAME = "$(TARGET_NAME)";
				SKIP_INSTALL = YES;
				SWIFT_VERSION = 4.0;
				TARGETED_DEVICE_FAMILY = "1,2";
			};
			name = Debug;
		};
		9CBA95FF200C8A1A00ABA54D /* Release */ = {
			isa = XCBuildConfiguration;
			buildSettings = {
				CLANG_CXX_LANGUAGE_STANDARD = "gnu++14";
				CLANG_WARN_BLOCK_CAPTURE_AUTORELEASING = YES;
				CLANG_WARN_COMMA = YES;
				CLANG_WARN_NON_LITERAL_NULL_CONVERSION = YES;
				CLANG_WARN_OBJC_LITERAL_CONVERSION = YES;
				CLANG_WARN_RANGE_LOOP_ANALYSIS = YES;
				CLANG_WARN_STRICT_PROTOTYPES = YES;
				CLANG_WARN_UNGUARDED_AVAILABILITY = YES_AGGRESSIVE;
				CODE_SIGN_IDENTITY = "iPhone Developer";
				CODE_SIGN_STYLE = Automatic;
				DEVELOPMENT_TEAM = 68855R4HVL;
				GCC_C_LANGUAGE_STANDARD = gnu11;
				INFOPLIST_FILE = TodayExtension/Info.plist;
				IPHONEOS_DEPLOYMENT_TARGET = 11.0;
				LD_RUNPATH_SEARCH_PATHS = "$(inherited) @executable_path/Frameworks @executable_path/../../Frameworks";
				PRODUCT_BUNDLE_IDENTIFIER = vn.asiantech.dev.SimpleProjectRX.TodayExtension;
				PRODUCT_NAME = "$(TARGET_NAME)";
				SKIP_INSTALL = YES;
				SWIFT_VERSION = 4.0;
				TARGETED_DEVICE_FAMILY = "1,2";
			};
			name = Release;
		};
		9CD681561FFB1E080077729C /* Debug */ = {
			isa = XCBuildConfiguration;
			buildSettings = {
				ALWAYS_SEARCH_USER_PATHS = NO;
				CLANG_ANALYZER_NONNULL = YES;
				CLANG_ANALYZER_NUMBER_OBJECT_CONVERSION = YES_AGGRESSIVE;
				CLANG_CXX_LANGUAGE_STANDARD = "gnu++0x";
				CLANG_CXX_LIBRARY = "libc++";
				CLANG_ENABLE_MODULES = YES;
				CLANG_ENABLE_OBJC_ARC = YES;
				CLANG_WARN_BOOL_CONVERSION = YES;
				CLANG_WARN_CONSTANT_CONVERSION = YES;
				CLANG_WARN_DIRECT_OBJC_ISA_USAGE = YES_ERROR;
				CLANG_WARN_DOCUMENTATION_COMMENTS = YES;
				CLANG_WARN_EMPTY_BODY = YES;
				CLANG_WARN_ENUM_CONVERSION = YES;
				CLANG_WARN_INFINITE_RECURSION = YES;
				CLANG_WARN_INT_CONVERSION = YES;
				CLANG_WARN_OBJC_ROOT_CLASS = YES_ERROR;
				CLANG_WARN_SUSPICIOUS_MOVE = YES;
				CLANG_WARN_UNREACHABLE_CODE = YES;
				CLANG_WARN__DUPLICATE_METHOD_MATCH = YES;
				"CODE_SIGN_IDENTITY[sdk=iphoneos*]" = "iPhone Developer";
				COPY_PHASE_STRIP = NO;
				DEBUG_INFORMATION_FORMAT = dwarf;
				ENABLE_STRICT_OBJC_MSGSEND = YES;
				ENABLE_TESTABILITY = YES;
				GCC_C_LANGUAGE_STANDARD = gnu99;
				GCC_DYNAMIC_NO_PIC = NO;
				GCC_NO_COMMON_BLOCKS = YES;
				GCC_OPTIMIZATION_LEVEL = 0;
				GCC_PREPROCESSOR_DEFINITIONS = (
					"DEBUG=1",
					"$(inherited)",
				);
				GCC_WARN_64_TO_32_BIT_CONVERSION = YES;
				GCC_WARN_ABOUT_RETURN_TYPE = YES_ERROR;
				GCC_WARN_UNDECLARED_SELECTOR = YES;
				GCC_WARN_UNINITIALIZED_AUTOS = YES_AGGRESSIVE;
				GCC_WARN_UNUSED_FUNCTION = YES;
				GCC_WARN_UNUSED_VARIABLE = YES;
				IPHONEOS_DEPLOYMENT_TARGET = 10.3;
				MTL_ENABLE_DEBUG_INFO = YES;
				ONLY_ACTIVE_ARCH = YES;
				SDKROOT = iphoneos;
				SWIFT_ACTIVE_COMPILATION_CONDITIONS = DEBUG;
				SWIFT_OPTIMIZATION_LEVEL = "-Onone";
				TARGETED_DEVICE_FAMILY = "1,2";
			};
			name = Debug;
		};
		9CD681571FFB1E080077729C /* Release */ = {
			isa = XCBuildConfiguration;
			buildSettings = {
				ALWAYS_SEARCH_USER_PATHS = NO;
				CLANG_ANALYZER_NONNULL = YES;
				CLANG_ANALYZER_NUMBER_OBJECT_CONVERSION = YES_AGGRESSIVE;
				CLANG_CXX_LANGUAGE_STANDARD = "gnu++0x";
				CLANG_CXX_LIBRARY = "libc++";
				CLANG_ENABLE_MODULES = YES;
				CLANG_ENABLE_OBJC_ARC = YES;
				CLANG_WARN_BOOL_CONVERSION = YES;
				CLANG_WARN_CONSTANT_CONVERSION = YES;
				CLANG_WARN_DIRECT_OBJC_ISA_USAGE = YES_ERROR;
				CLANG_WARN_DOCUMENTATION_COMMENTS = YES;
				CLANG_WARN_EMPTY_BODY = YES;
				CLANG_WARN_ENUM_CONVERSION = YES;
				CLANG_WARN_INFINITE_RECURSION = YES;
				CLANG_WARN_INT_CONVERSION = YES;
				CLANG_WARN_OBJC_ROOT_CLASS = YES_ERROR;
				CLANG_WARN_SUSPICIOUS_MOVE = YES;
				CLANG_WARN_UNREACHABLE_CODE = YES;
				CLANG_WARN__DUPLICATE_METHOD_MATCH = YES;
				"CODE_SIGN_IDENTITY[sdk=iphoneos*]" = "iPhone Developer";
				COPY_PHASE_STRIP = NO;
				DEBUG_INFORMATION_FORMAT = "dwarf-with-dsym";
				ENABLE_NS_ASSERTIONS = NO;
				ENABLE_STRICT_OBJC_MSGSEND = YES;
				GCC_C_LANGUAGE_STANDARD = gnu99;
				GCC_NO_COMMON_BLOCKS = YES;
				GCC_WARN_64_TO_32_BIT_CONVERSION = YES;
				GCC_WARN_ABOUT_RETURN_TYPE = YES_ERROR;
				GCC_WARN_UNDECLARED_SELECTOR = YES;
				GCC_WARN_UNINITIALIZED_AUTOS = YES_AGGRESSIVE;
				GCC_WARN_UNUSED_FUNCTION = YES;
				GCC_WARN_UNUSED_VARIABLE = YES;
				IPHONEOS_DEPLOYMENT_TARGET = 10.3;
				MTL_ENABLE_DEBUG_INFO = NO;
				SDKROOT = iphoneos;
				SWIFT_OPTIMIZATION_LEVEL = "-Owholemodule";
				TARGETED_DEVICE_FAMILY = "1,2";
				VALIDATE_PRODUCT = YES;
			};
			name = Release;
		};
		9CD681591FFB1E080077729C /* Debug */ = {
			isa = XCBuildConfiguration;
			baseConfigurationReference = F1F183623372135E3E0C317A /* Pods-SimpleProjectRX.debug.xcconfig */;
			buildSettings = {
				ALWAYS_EMBED_SWIFT_STANDARD_LIBRARIES = YES;
				ASSETCATALOG_COMPILER_APPICON_NAME = AppIcon;
				CODE_SIGN_ENTITLEMENTS = SimpleProjectRX/SimpleProjectRX.entitlements;
				CODE_SIGN_IDENTITY = "iPhone Developer";
				DEVELOPMENT_TEAM = 68855R4HVL;
				INFOPLIST_FILE = SimpleProjectRX/Info.plist;
				IPHONEOS_DEPLOYMENT_TARGET = 10.0;
				LD_RUNPATH_SEARCH_PATHS = "$(inherited) @executable_path/Frameworks";
				PRODUCT_BUNDLE_IDENTIFIER = vn.asiantech.dev.SimpleProjectRX;
				PRODUCT_NAME = "$(TARGET_NAME)";
				SWIFT_VERSION = 3.0;
			};
			name = Debug;
		};
		9CD6815A1FFB1E080077729C /* Release */ = {
			isa = XCBuildConfiguration;
			baseConfigurationReference = B25B0835144814C419636DDF /* Pods-SimpleProjectRX.release.xcconfig */;
			buildSettings = {
				ALWAYS_EMBED_SWIFT_STANDARD_LIBRARIES = YES;
				ASSETCATALOG_COMPILER_APPICON_NAME = AppIcon;
				CODE_SIGN_ENTITLEMENTS = SimpleProjectRX/SimpleProjectRX.entitlements;
				CODE_SIGN_IDENTITY = "iPhone Developer";
				DEVELOPMENT_TEAM = 68855R4HVL;
				INFOPLIST_FILE = SimpleProjectRX/Info.plist;
				IPHONEOS_DEPLOYMENT_TARGET = 10.0;
				LD_RUNPATH_SEARCH_PATHS = "$(inherited) @executable_path/Frameworks";
				PRODUCT_BUNDLE_IDENTIFIER = vn.asiantech.dev.SimpleProjectRX;
				PRODUCT_NAME = "$(TARGET_NAME)";
				SWIFT_VERSION = 3.0;
			};
			name = Release;
		};
/* End XCBuildConfiguration section */

/* Begin XCConfigurationList section */
		9CBA9600200C8A1A00ABA54D /* Build configuration list for PBXNativeTarget "TodayExtension" */ = {
			isa = XCConfigurationList;
			buildConfigurations = (
				9CBA95FE200C8A1A00ABA54D /* Debug */,
				9CBA95FF200C8A1A00ABA54D /* Release */,
			);
			defaultConfigurationIsVisible = 0;
			defaultConfigurationName = Release;
		};
		9CD6813E1FFB1E080077729C /* Build configuration list for PBXProject "SimpleProjectRX" */ = {
			isa = XCConfigurationList;
			buildConfigurations = (
				9CD681561FFB1E080077729C /* Debug */,
				9CD681571FFB1E080077729C /* Release */,
			);
			defaultConfigurationIsVisible = 0;
			defaultConfigurationName = Release;
		};
		9CD681581FFB1E080077729C /* Build configuration list for PBXNativeTarget "SimpleProjectRX" */ = {
			isa = XCConfigurationList;
			buildConfigurations = (
				9CD681591FFB1E080077729C /* Debug */,
				9CD6815A1FFB1E080077729C /* Release */,
			);
			defaultConfigurationIsVisible = 0;
			defaultConfigurationName = Release;
		};
/* End XCConfigurationList section */

/* Begin XCVersionGroup section */
		9CD6814D1FFB1E080077729C /* SimpleProjectRX.xcdatamodeld */ = {
			isa = XCVersionGroup;
			children = (
				9CD6814E1FFB1E080077729C /* SimpleProjectRX.xcdatamodel */,
			);
			currentVersion = 9CD6814E1FFB1E080077729C /* SimpleProjectRX.xcdatamodel */;
			path = SimpleProjectRX.xcdatamodeld;
			sourceTree = "<group>";
			versionGroupType = wrapper.xcdatamodel;
		};
/* End XCVersionGroup section */
	};
	rootObject = 9CD6813B1FFB1E080077729C /* Project object */;
}
